// !$*UTF8*$!
{
	archiveVersion = 1;
	classes = {
	};
	objectVersion = 56;
	objects = {

/* Begin PBXBuildFile section */
		6F01F96F2AC2848900B58CF4 /* TimeRangeEnum.swift in Sources */ = {isa = PBXBuildFile; fileRef = 6F01F96E2AC2848900B58CF4 /* TimeRangeEnum.swift */; };
		6F3C81DA2AB9325400E8DBA4 /* CurrencyStore.swift in Sources */ = {isa = PBXBuildFile; fileRef = 6F3C81D92AB9325400E8DBA4 /* CurrencyStore.swift */; };
		6F3C81DC2AB936ED00E8DBA4 /* DataProviderManager.swift in Sources */ = {isa = PBXBuildFile; fileRef = 6F3C81DB2AB936ED00E8DBA4 /* DataProviderManager.swift */; };
		6F3C81DF2AB937FF00E8DBA4 /* RatesFluctuationDataProvider.swift in Sources */ = {isa = PBXBuildFile; fileRef = 6F3C81DE2AB937FF00E8DBA4 /* RatesFluctuationDataProvider.swift */; };
		6F3C81E12AB939E000E8DBA4 /* RatesHistoricalDataProvider.swift in Sources */ = {isa = PBXBuildFile; fileRef = 6F3C81E02AB939E000E8DBA4 /* RatesHistoricalDataProvider.swift */; };
		6F3C81E32AB93A6D00E8DBA4 /* CurrencySymbolsDataProvider.swift in Sources */ = {isa = PBXBuildFile; fileRef = 6F3C81E22AB93A6D00E8DBA4 /* CurrencySymbolsDataProvider.swift */; };
		6F3C81E62AB93FE300E8DBA4 /* RatesFluctuationView.swift in Sources */ = {isa = PBXBuildFile; fileRef = 6F3C81E52AB93FE300E8DBA4 /* RatesFluctuationView.swift */; };
		6F87057F2ABA7BE900159497 /* RatesFluctuationDetailView.swift in Sources */ = {isa = PBXBuildFile; fileRef = 6F87057E2ABA7BE900159497 /* RatesFluctuationDetailView.swift */; };
		6F95E6422AC441CA00A2F4DE /* BaseCurrencyFilterView.swift in Sources */ = {isa = PBXBuildFile; fileRef = 6F95E6412AC441CA00A2F4DE /* BaseCurrencyFilterView.swift */; };
		6F95E6442AC441EC00A2F4DE /* MultiCurrenciesSelectionFilterView.swift in Sources */ = {isa = PBXBuildFile; fileRef = 6F95E6432AC441EC00A2F4DE /* MultiCurrenciesSelectionFilterView.swift */; };
		6FA35BEA2AB72BF8009194EE /* ExchangeRatesApp.swift in Sources */ = {isa = PBXBuildFile; fileRef = 6FA35BE92AB72BF8009194EE /* ExchangeRatesApp.swift */; };
		6FA35BEC2AB72BF8009194EE /* ContentView.swift in Sources */ = {isa = PBXBuildFile; fileRef = 6FA35BEB2AB72BF8009194EE /* ContentView.swift */; };
		6FA35BEE2AB72BF9009194EE /* Assets.xcassets in Resources */ = {isa = PBXBuildFile; fileRef = 6FA35BED2AB72BF9009194EE /* Assets.xcassets */; };
		6FA35BF12AB72BF9009194EE /* Preview Assets.xcassets in Resources */ = {isa = PBXBuildFile; fileRef = 6FA35BF02AB72BF9009194EE /* Preview Assets.xcassets */; };
		6FA35BFC2AB72EB9009194EE /* RatesAPI.swift in Sources */ = {isa = PBXBuildFile; fileRef = 6FA35BFB2AB72EB9009194EE /* RatesAPI.swift */; };
		6FA35C002AB74F3C009194EE /* RatesRouter.swift in Sources */ = {isa = PBXBuildFile; fileRef = 6FA35BFF2AB74F3C009194EE /* RatesRouter.swift */; };
		6FA35C022AB74F4B009194EE /* CurrencyRouter.swift in Sources */ = {isa = PBXBuildFile; fileRef = 6FA35C012AB74F4B009194EE /* CurrencyRouter.swift */; };
		6FA35C052AB7542F009194EE /* BaseStore.swift in Sources */ = {isa = PBXBuildFile; fileRef = 6FA35C042AB7542F009194EE /* BaseStore.swift */; };
		6FA35C082AB754D1009194EE /* RatesFluctuationObject.swift in Sources */ = {isa = PBXBuildFile; fileRef = 6FA35C072AB754D1009194EE /* RatesFluctuationObject.swift */; };
		6FA35C0A2AB7591C009194EE /* CurrencySymbolsObject.swift in Sources */ = {isa = PBXBuildFile; fileRef = 6FA35C092AB7591C009194EE /* CurrencySymbolsObject.swift */; };
		6FA35C0C2AB7595E009194EE /* RatesHistoricalObject.swift in Sources */ = {isa = PBXBuildFile; fileRef = 6FA35C0B2AB7595E009194EE /* RatesHistoricalObject.swift */; };
		6FA35C0E2AB76E39009194EE /* RateStore.swift in Sources */ = {isa = PBXBuildFile; fileRef = 6FA35C0D2AB76E39009194EE /* RateStore.swift */; };
		6FA502632AB9BA2E00AB221A /* Extensions.swift in Sources */ = {isa = PBXBuildFile; fileRef = 6FA502622AB9BA2E00AB221A /* Extensions.swift */; };
/* End PBXBuildFile section */

/* Begin PBXFileReference section */
		6F01F96E2AC2848900B58CF4 /* TimeRangeEnum.swift */ = {isa = PBXFileReference; lastKnownFileType = sourcecode.swift; path = TimeRangeEnum.swift; sourceTree = "<group>"; };
		6F3C81D92AB9325400E8DBA4 /* CurrencyStore.swift */ = {isa = PBXFileReference; lastKnownFileType = sourcecode.swift; path = CurrencyStore.swift; sourceTree = "<group>"; };
		6F3C81DB2AB936ED00E8DBA4 /* DataProviderManager.swift */ = {isa = PBXFileReference; lastKnownFileType = sourcecode.swift; path = DataProviderManager.swift; sourceTree = "<group>"; };
		6F3C81DE2AB937FF00E8DBA4 /* RatesFluctuationDataProvider.swift */ = {isa = PBXFileReference; lastKnownFileType = sourcecode.swift; path = RatesFluctuationDataProvider.swift; sourceTree = "<group>"; };
		6F3C81E02AB939E000E8DBA4 /* RatesHistoricalDataProvider.swift */ = {isa = PBXFileReference; lastKnownFileType = sourcecode.swift; path = RatesHistoricalDataProvider.swift; sourceTree = "<group>"; };
		6F3C81E22AB93A6D00E8DBA4 /* CurrencySymbolsDataProvider.swift */ = {isa = PBXFileReference; lastKnownFileType = sourcecode.swift; path = CurrencySymbolsDataProvider.swift; sourceTree = "<group>"; };
		6F3C81E52AB93FE300E8DBA4 /* RatesFluctuationView.swift */ = {isa = PBXFileReference; lastKnownFileType = sourcecode.swift; path = RatesFluctuationView.swift; sourceTree = "<group>"; };
		6F87057E2ABA7BE900159497 /* RatesFluctuationDetailView.swift */ = {isa = PBXFileReference; lastKnownFileType = sourcecode.swift; path = RatesFluctuationDetailView.swift; sourceTree = "<group>"; };
		6F95E6412AC441CA00A2F4DE /* BaseCurrencyFilterView.swift */ = {isa = PBXFileReference; lastKnownFileType = sourcecode.swift; path = BaseCurrencyFilterView.swift; sourceTree = "<group>"; };
		6F95E6432AC441EC00A2F4DE /* MultiCurrenciesSelectionFilterView.swift */ = {isa = PBXFileReference; lastKnownFileType = sourcecode.swift; path = MultiCurrenciesSelectionFilterView.swift; sourceTree = "<group>"; };
		6FA35BE62AB72BF8009194EE /* ExchangeRates.app */ = {isa = PBXFileReference; explicitFileType = wrapper.application; includeInIndex = 0; path = ExchangeRates.app; sourceTree = BUILT_PRODUCTS_DIR; };
		6FA35BE92AB72BF8009194EE /* ExchangeRatesApp.swift */ = {isa = PBXFileReference; lastKnownFileType = sourcecode.swift; path = ExchangeRatesApp.swift; sourceTree = "<group>"; };
		6FA35BEB2AB72BF8009194EE /* ContentView.swift */ = {isa = PBXFileReference; lastKnownFileType = sourcecode.swift; path = ContentView.swift; sourceTree = "<group>"; };
		6FA35BED2AB72BF9009194EE /* Assets.xcassets */ = {isa = PBXFileReference; lastKnownFileType = folder.assetcatalog; path = Assets.xcassets; sourceTree = "<group>"; };
		6FA35BF02AB72BF9009194EE /* Preview Assets.xcassets */ = {isa = PBXFileReference; lastKnownFileType = folder.assetcatalog; path = "Preview Assets.xcassets"; sourceTree = "<group>"; };
		6FA35BFB2AB72EB9009194EE /* RatesAPI.swift */ = {isa = PBXFileReference; lastKnownFileType = sourcecode.swift; path = RatesAPI.swift; sourceTree = "<group>"; };
		6FA35BFF2AB74F3C009194EE /* RatesRouter.swift */ = {isa = PBXFileReference; lastKnownFileType = sourcecode.swift; path = RatesRouter.swift; sourceTree = "<group>"; };
		6FA35C012AB74F4B009194EE /* CurrencyRouter.swift */ = {isa = PBXFileReference; lastKnownFileType = sourcecode.swift; path = CurrencyRouter.swift; sourceTree = "<group>"; };
		6FA35C042AB7542F009194EE /* BaseStore.swift */ = {isa = PBXFileReference; lastKnownFileType = sourcecode.swift; path = BaseStore.swift; sourceTree = "<group>"; };
		6FA35C072AB754D1009194EE /* RatesFluctuationObject.swift */ = {isa = PBXFileReference; lastKnownFileType = sourcecode.swift; path = RatesFluctuationObject.swift; sourceTree = "<group>"; };
		6FA35C092AB7591C009194EE /* CurrencySymbolsObject.swift */ = {isa = PBXFileReference; lastKnownFileType = sourcecode.swift; path = CurrencySymbolsObject.swift; sourceTree = "<group>"; };
		6FA35C0B2AB7595E009194EE /* RatesHistoricalObject.swift */ = {isa = PBXFileReference; lastKnownFileType = sourcecode.swift; path = RatesHistoricalObject.swift; sourceTree = "<group>"; };
		6FA35C0D2AB76E39009194EE /* RateStore.swift */ = {isa = PBXFileReference; lastKnownFileType = sourcecode.swift; path = RateStore.swift; sourceTree = "<group>"; };
		6FA502622AB9BA2E00AB221A /* Extensions.swift */ = {isa = PBXFileReference; lastKnownFileType = sourcecode.swift; path = Extensions.swift; sourceTree = "<group>"; };
/* End PBXFileReference section */

/* Begin PBXFrameworksBuildPhase section */
		6FA35BE32AB72BF8009194EE /* Frameworks */ = {
			isa = PBXFrameworksBuildPhase;
			buildActionMask = 2147483647;
			files = (
			);
			runOnlyForDeploymentPostprocessing = 0;
		};
/* End PBXFrameworksBuildPhase section */

/* Begin PBXGroup section */
		6F01F96D2AC2846700B58CF4 /* Models */ = {
			isa = PBXGroup;
			children = (
				6F01F96E2AC2848900B58CF4 /* TimeRangeEnum.swift */,
			);
			path = Models;
			sourceTree = "<group>";
		};
		6F3C81DD2AB937E100E8DBA4 /* RatesDataProvider */ = {
			isa = PBXGroup;
			children = (
				6F3C81DE2AB937FF00E8DBA4 /* RatesFluctuationDataProvider.swift */,
				6F3C81E02AB939E000E8DBA4 /* RatesHistoricalDataProvider.swift */,
				6F3C81E22AB93A6D00E8DBA4 /* CurrencySymbolsDataProvider.swift */,
			);
			path = RatesDataProvider;
			sourceTree = "<group>";
		};
		6F3C81E42AB93FC800E8DBA4 /* Views */ = {
			isa = PBXGroup;
			children = (
				6FA35BEB2AB72BF8009194EE /* ContentView.swift */,
				6F87057E2ABA7BE900159497 /* RatesFluctuationDetailView.swift */,
				6F3C81E52AB93FE300E8DBA4 /* RatesFluctuationView.swift */,
				6F95E6412AC441CA00A2F4DE /* BaseCurrencyFilterView.swift */,
				6F95E6432AC441EC00A2F4DE /* MultiCurrenciesSelectionFilterView.swift */,
			);
			path = Views;
			sourceTree = "<group>";
		};
		6FA35BDD2AB72BF8009194EE = {
			isa = PBXGroup;
			children = (
				6FA35BE82AB72BF8009194EE /* ExchangeRates */,
				6FA35BE72AB72BF8009194EE /* Products */,
			);
			sourceTree = "<group>";
		};
		6FA35BE72AB72BF8009194EE /* Products */ = {
			isa = PBXGroup;
			children = (
				6FA35BE62AB72BF8009194EE /* ExchangeRates.app */,
			);
			name = Products;
			sourceTree = "<group>";
		};
		6FA35BE82AB72BF8009194EE /* ExchangeRates */ = {
			isa = PBXGroup;
			children = (
				6F01F96D2AC2846700B58CF4 /* Models */,
				6F3C81E42AB93FC800E8DBA4 /* Views */,
				6FA35BF72AB72E68009194EE /* DataProviders */,
				6FA35BE92AB72BF8009194EE /* ExchangeRatesApp.swift */,
				6FA35BED2AB72BF9009194EE /* Assets.xcassets */,
				6FA35BEF2AB72BF9009194EE /* Preview Content */,
				6FA502622AB9BA2E00AB221A /* Extensions.swift */,
			);
			path = ExchangeRates;
			sourceTree = "<group>";
		};
		6FA35BEF2AB72BF9009194EE /* Preview Content */ = {
			isa = PBXGroup;
			children = (
				6FA35BF02AB72BF9009194EE /* Preview Assets.xcassets */,
			);
			path = "Preview Content";
			sourceTree = "<group>";
		};
		6FA35BF72AB72E68009194EE /* DataProviders */ = {
			isa = PBXGroup;
			children = (
				6F3C81DD2AB937E100E8DBA4 /* RatesDataProvider */,
				6FA35BF82AB72E72009194EE /* MetworkRepository */,
			);
			path = DataProviders;
			sourceTree = "<group>";
		};
		6FA35BF82AB72E72009194EE /* MetworkRepository */ = {
			isa = PBXGroup;
			children = (
				6FA35C062AB75475009194EE /* Objects */,
				6FA35C032AB753A0009194EE /* Stores */,
				6FA35BFD2AB74EF7009194EE /* Routers */,
				6FA35BF92AB72E82009194EE /* APIs */,
				6F3C81DB2AB936ED00E8DBA4 /* DataProviderManager.swift */,
			);
			path = MetworkRepository;
			sourceTree = "<group>";
		};
		6FA35BF92AB72E82009194EE /* APIs */ = {
			isa = PBXGroup;
			children = (
				6FA35BFB2AB72EB9009194EE /* RatesAPI.swift */,
			);
			path = APIs;
			sourceTree = "<group>";
		};
		6FA35BFD2AB74EF7009194EE /* Routers */ = {
			isa = PBXGroup;
			children = (
				6FA35BFF2AB74F3C009194EE /* RatesRouter.swift */,
				6FA35C012AB74F4B009194EE /* CurrencyRouter.swift */,
			);
			path = Routers;
			sourceTree = "<group>";
		};
		6FA35C032AB753A0009194EE /* Stores */ = {
			isa = PBXGroup;
			children = (
				6FA35C042AB7542F009194EE /* BaseStore.swift */,
				6FA35C0D2AB76E39009194EE /* RateStore.swift */,
				6F3C81D92AB9325400E8DBA4 /* CurrencyStore.swift */,
			);
			path = Stores;
			sourceTree = "<group>";
		};
		6FA35C062AB75475009194EE /* Objects */ = {
			isa = PBXGroup;
			children = (
				6FA35C072AB754D1009194EE /* RatesFluctuationObject.swift */,
				6FA35C092AB7591C009194EE /* CurrencySymbolsObject.swift */,
				6FA35C0B2AB7595E009194EE /* RatesHistoricalObject.swift */,
			);
			path = Objects;
			sourceTree = "<group>";
		};
/* End PBXGroup section */

/* Begin PBXNativeTarget section */
		6FA35BE52AB72BF8009194EE /* ExchangeRates */ = {
			isa = PBXNativeTarget;
			buildConfigurationList = 6FA35BF42AB72BF9009194EE /* Build configuration list for PBXNativeTarget "ExchangeRates" */;
			buildPhases = (
				6FA35BE22AB72BF8009194EE /* Sources */,
				6FA35BE32AB72BF8009194EE /* Frameworks */,
				6FA35BE42AB72BF8009194EE /* Resources */,
			);
			buildRules = (
			);
			dependencies = (
			);
			name = ExchangeRates;
			productName = ExchangeRates;
			productReference = 6FA35BE62AB72BF8009194EE /* ExchangeRates.app */;
			productType = "com.apple.product-type.application";
		};
/* End PBXNativeTarget section */

/* Begin PBXProject section */
		6FA35BDE2AB72BF8009194EE /* Project object */ = {
			isa = PBXProject;
			attributes = {
				BuildIndependentTargetsInParallel = 1;
				LastSwiftUpdateCheck = 1430;
				LastUpgradeCheck = 1430;
				TargetAttributes = {
					6FA35BE52AB72BF8009194EE = {
						CreatedOnToolsVersion = 14.3.1;
					};
				};
			};
			buildConfigurationList = 6FA35BE12AB72BF8009194EE /* Build configuration list for PBXProject "ExchangeRates" */;
			compatibilityVersion = "Xcode 14.0";
			developmentRegion = en;
			hasScannedForEncodings = 0;
			knownRegions = (
				en,
				Base,
			);
			mainGroup = 6FA35BDD2AB72BF8009194EE;
			productRefGroup = 6FA35BE72AB72BF8009194EE /* Products */;
			projectDirPath = "";
			projectRoot = "";
			targets = (
				6FA35BE52AB72BF8009194EE /* ExchangeRates */,
			);
		};
/* End PBXProject section */

/* Begin PBXResourcesBuildPhase section */
		6FA35BE42AB72BF8009194EE /* Resources */ = {
			isa = PBXResourcesBuildPhase;
			buildActionMask = 2147483647;
			files = (
				6FA35BF12AB72BF9009194EE /* Preview Assets.xcassets in Resources */,
				6FA35BEE2AB72BF9009194EE /* Assets.xcassets in Resources */,
			);
			runOnlyForDeploymentPostprocessing = 0;
		};
/* End PBXResourcesBuildPhase section */

/* Begin PBXSourcesBuildPhase section */
		6FA35BE22AB72BF8009194EE /* Sources */ = {
			isa = PBXSourcesBuildPhase;
			buildActionMask = 2147483647;
			files = (
				6FA35C022AB74F4B009194EE /* CurrencyRouter.swift in Sources */,
				6FA35C0A2AB7591C009194EE /* CurrencySymbolsObject.swift in Sources */,
				6FA35C002AB74F3C009194EE /* RatesRouter.swift in Sources */,
				6FA35C0C2AB7595E009194EE /* RatesHistoricalObject.swift in Sources */,
				6FA35C052AB7542F009194EE /* BaseStore.swift in Sources */,
				6FA35C0E2AB76E39009194EE /* RateStore.swift in Sources */,
				6F95E6422AC441CA00A2F4DE /* BaseCurrencyFilterView.swift in Sources */,
				6F3C81E12AB939E000E8DBA4 /* RatesHistoricalDataProvider.swift in Sources */,
				6FA35BEC2AB72BF8009194EE /* ContentView.swift in Sources */,
				6FA35BEA2AB72BF8009194EE /* ExchangeRatesApp.swift in Sources */,
				6F3C81DC2AB936ED00E8DBA4 /* DataProviderManager.swift in Sources */,
				6F3C81E32AB93A6D00E8DBA4 /* CurrencySymbolsDataProvider.swift in Sources */,
				6FA35C082AB754D1009194EE /* RatesFluctuationObject.swift in Sources */,
				6FA35BFC2AB72EB9009194EE /* RatesAPI.swift in Sources */,
				6F3C81E62AB93FE300E8DBA4 /* RatesFluctuationView.swift in Sources */,
				6F87057F2ABA7BE900159497 /* RatesFluctuationDetailView.swift in Sources */,
				6FA502632AB9BA2E00AB221A /* Extensions.swift in Sources */,
				6F01F96F2AC2848900B58CF4 /* TimeRangeEnum.swift in Sources */,
				6F3C81DF2AB937FF00E8DBA4 /* RatesFluctuationDataProvider.swift in Sources */,
				6F3C81DA2AB9325400E8DBA4 /* CurrencyStore.swift in Sources */,
				6F95E6442AC441EC00A2F4DE /* MultiCurrenciesSelectionFilterView.swift in Sources */,
			);
			runOnlyForDeploymentPostprocessing = 0;
		};
/* End PBXSourcesBuildPhase section */

/* Begin XCBuildConfiguration section */
		6FA35BF22AB72BF9009194EE /* Debug */ = {
			isa = XCBuildConfiguration;
			buildSettings = {
				ALWAYS_SEARCH_USER_PATHS = NO;
				CLANG_ANALYZER_NONNULL = YES;
				CLANG_ANALYZER_NUMBER_OBJECT_CONVERSION = YES_AGGRESSIVE;
				CLANG_CXX_LANGUAGE_STANDARD = "gnu++20";
				CLANG_ENABLE_MODULES = YES;
				CLANG_ENABLE_OBJC_ARC = YES;
				CLANG_ENABLE_OBJC_WEAK = YES;
				CLANG_WARN_BLOCK_CAPTURE_AUTORELEASING = YES;
				CLANG_WARN_BOOL_CONVERSION = YES;
				CLANG_WARN_COMMA = YES;
				CLANG_WARN_CONSTANT_CONVERSION = YES;
				CLANG_WARN_DEPRECATED_OBJC_IMPLEMENTATIONS = YES;
				CLANG_WARN_DIRECT_OBJC_ISA_USAGE = YES_ERROR;
				CLANG_WARN_DOCUMENTATION_COMMENTS = YES;
				CLANG_WARN_EMPTY_BODY = YES;
				CLANG_WARN_ENUM_CONVERSION = YES;
				CLANG_WARN_INFINITE_RECURSION = YES;
				CLANG_WARN_INT_CONVERSION = YES;
				CLANG_WARN_NON_LITERAL_NULL_CONVERSION = YES;
				CLANG_WARN_OBJC_IMPLICIT_RETAIN_SELF = YES;
				CLANG_WARN_OBJC_LITERAL_CONVERSION = YES;
				CLANG_WARN_OBJC_ROOT_CLASS = YES_ERROR;
				CLANG_WARN_QUOTED_INCLUDE_IN_FRAMEWORK_HEADER = YES;
				CLANG_WARN_RANGE_LOOP_ANALYSIS = YES;
				CLANG_WARN_STRICT_PROTOTYPES = YES;
				CLANG_WARN_SUSPICIOUS_MOVE = YES;
				CLANG_WARN_UNGUARDED_AVAILABILITY = YES_AGGRESSIVE;
				CLANG_WARN_UNREACHABLE_CODE = YES;
				CLANG_WARN__DUPLICATE_METHOD_MATCH = YES;
				COPY_PHASE_STRIP = NO;
				DEBUG_INFORMATION_FORMAT = dwarf;
				ENABLE_STRICT_OBJC_MSGSEND = YES;
				ENABLE_TESTABILITY = YES;
				GCC_C_LANGUAGE_STANDARD = gnu11;
				GCC_DYNAMIC_NO_PIC = NO;
				GCC_NO_COMMON_BLOCKS = YES;
				GCC_OPTIMIZATION_LEVEL = 0;
				GCC_PREPROCESSOR_DEFINITIONS = (
					"DEBUG=1",
					"$(inherited)",
				);
				GCC_WARN_64_TO_32_BIT_CONVERSION = YES;
				GCC_WARN_ABOUT_RETURN_TYPE = YES_ERROR;
				GCC_WARN_UNDECLARED_SELECTOR = YES;
				GCC_WARN_UNINITIALIZED_AUTOS = YES_AGGRESSIVE;
				GCC_WARN_UNUSED_FUNCTION = YES;
				GCC_WARN_UNUSED_VARIABLE = YES;
				IPHONEOS_DEPLOYMENT_TARGET = 16.4;
				MTL_ENABLE_DEBUG_INFO = INCLUDE_SOURCE;
				MTL_FAST_MATH = YES;
				ONLY_ACTIVE_ARCH = YES;
				SDKROOT = iphoneos;
				SWIFT_ACTIVE_COMPILATION_CONDITIONS = DEBUG;
				SWIFT_OPTIMIZATION_LEVEL = "-Onone";
			};
			name = Debug;
		};
		6FA35BF32AB72BF9009194EE /* Release */ = {
			isa = XCBuildConfiguration;
			buildSettings = {
				ALWAYS_SEARCH_USER_PATHS = NO;
				CLANG_ANALYZER_NONNULL = YES;
				CLANG_ANALYZER_NUMBER_OBJECT_CONVERSION = YES_AGGRESSIVE;
				CLANG_CXX_LANGUAGE_STANDARD = "gnu++20";
				CLANG_ENABLE_MODULES = YES;
				CLANG_ENABLE_OBJC_ARC = YES;
				CLANG_ENABLE_OBJC_WEAK = YES;
				CLANG_WARN_BLOCK_CAPTURE_AUTORELEASING = YES;
				CLANG_WARN_BOOL_CONVERSION = YES;
				CLANG_WARN_COMMA = YES;
				CLANG_WARN_CONSTANT_CONVERSION = YES;
				CLANG_WARN_DEPRECATED_OBJC_IMPLEMENTATIONS = YES;
				CLANG_WARN_DIRECT_OBJC_ISA_USAGE = YES_ERROR;
				CLANG_WARN_DOCUMENTATION_COMMENTS = YES;
				CLANG_WARN_EMPTY_BODY = YES;
				CLANG_WARN_ENUM_CONVERSION = YES;
				CLANG_WARN_INFINITE_RECURSION = YES;
				CLANG_WARN_INT_CONVERSION = YES;
				CLANG_WARN_NON_LITERAL_NULL_CONVERSION = YES;
				CLANG_WARN_OBJC_IMPLICIT_RETAIN_SELF = YES;
				CLANG_WARN_OBJC_LITERAL_CONVERSION = YES;
				CLANG_WARN_OBJC_ROOT_CLASS = YES_ERROR;
				CLANG_WARN_QUOTED_INCLUDE_IN_FRAMEWORK_HEADER = YES;
				CLANG_WARN_RANGE_LOOP_ANALYSIS = YES;
				CLANG_WARN_STRICT_PROTOTYPES = YES;
				CLANG_WARN_SUSPICIOUS_MOVE = YES;
				CLANG_WARN_UNGUARDED_AVAILABILITY = YES_AGGRESSIVE;
				CLANG_WARN_UNREACHABLE_CODE = YES;
				CLANG_WARN__DUPLICATE_METHOD_MATCH = YES;
				COPY_PHASE_STRIP = NO;
				DEBUG_INFORMATION_FORMAT = "dwarf-with-dsym";
				ENABLE_NS_ASSERTIONS = NO;
				ENABLE_STRICT_OBJC_MSGSEND = YES;
				GCC_C_LANGUAGE_STANDARD = gnu11;
				GCC_NO_COMMON_BLOCKS = YES;
				GCC_WARN_64_TO_32_BIT_CONVERSION = YES;
				GCC_WARN_ABOUT_RETURN_TYPE = YES_ERROR;
				GCC_WARN_UNDECLARED_SELECTOR = YES;
				GCC_WARN_UNINITIALIZED_AUTOS = YES_AGGRESSIVE;
				GCC_WARN_UNUSED_FUNCTION = YES;
				GCC_WARN_UNUSED_VARIABLE = YES;
				IPHONEOS_DEPLOYMENT_TARGET = 16.4;
				MTL_ENABLE_DEBUG_INFO = NO;
				MTL_FAST_MATH = YES;
				SDKROOT = iphoneos;
				SWIFT_COMPILATION_MODE = wholemodule;
				SWIFT_OPTIMIZATION_LEVEL = "-O";
				VALIDATE_PRODUCT = YES;
			};
			name = Release;
		};
		6FA35BF52AB72BF9009194EE /* Debug */ = {
			isa = XCBuildConfiguration;
			buildSettings = {
				ASSETCATALOG_COMPILER_APPICON_NAME = AppIcon;
				ASSETCATALOG_COMPILER_GLOBAL_ACCENT_COLOR_NAME = AccentColor;
				CODE_SIGN_STYLE = Automatic;
				CURRENT_PROJECT_VERSION = 1;
				DEVELOPMENT_ASSET_PATHS = "\"ExchangeRates/Preview Content\"";
				DEVELOPMENT_TEAM = K328B98U3F;
				ENABLE_PREVIEWS = YES;
				GENERATE_INFOPLIST_FILE = YES;
				INFOPLIST_KEY_CFBundleDisplayName = "Exchange Rates";
				INFOPLIST_KEY_LSApplicationCategoryType = "public.app-category.finance";
				INFOPLIST_KEY_UIApplicationSceneManifest_Generation = YES;
				INFOPLIST_KEY_UIApplicationSupportsIndirectInputEvents = YES;
				INFOPLIST_KEY_UILaunchScreen_Generation = YES;
				INFOPLIST_KEY_UISupportedInterfaceOrientations = UIInterfaceOrientationPortrait;
				INFOPLIST_KEY_UISupportedInterfaceOrientations_iPad = "UIInterfaceOrientationLandscapeLeft UIInterfaceOrientationLandscapeRight UIInterfaceOrientationPortrait UIInterfaceOrientationPortraitUpsideDown";
				LD_RUNPATH_SEARCH_PATHS = (
					"$(inherited)",
					"@executable_path/Frameworks",
				);
				MARKETING_VERSION = 1.0;
				PRODUCT_BUNDLE_IDENTIFIER = com.luizaraujo.practices.ExchangeRates;
				PRODUCT_NAME = "$(TARGET_NAME)";
				SUPPORTED_PLATFORMS = "iphoneos iphonesimulator";
				SUPPORTS_MACCATALYST = NO;
				SUPPORTS_MAC_DESIGNED_FOR_IPHONE_IPAD = NO;
				SWIFT_EMIT_LOC_STRINGS = YES;
				SWIFT_VERSION = 5.0;
				TARGETED_DEVICE_FAMILY = 1;
			};
			name = Debug;
		};
		6FA35BF62AB72BF9009194EE /* Release */ = {
			isa = XCBuildConfiguration;
			buildSettings = {
				ASSETCATALOG_COMPILER_APPICON_NAME = AppIcon;
				ASSETCATALOG_COMPILER_GLOBAL_ACCENT_COLOR_NAME = AccentColor;
				CODE_SIGN_STYLE = Automatic;
				CURRENT_PROJECT_VERSION = 1;
				DEVELOPMENT_ASSET_PATHS = "\"ExchangeRates/Preview Content\"";
				DEVELOPMENT_TEAM = K328B98U3F;
				ENABLE_PREVIEWS = YES;
				GENERATE_INFOPLIST_FILE = YES;
				INFOPLIST_KEY_CFBundleDisplayName = "Exchange Rates";
				INFOPLIST_KEY_LSApplicationCategoryType = "public.app-category.finance";
				INFOPLIST_KEY_UIApplicationSceneManifest_Generation = YES;
				INFOPLIST_KEY_UIApplicationSupportsIndirectInputEvents = YES;
				INFOPLIST_KEY_UILaunchScreen_Generation = YES;
				INFOPLIST_KEY_UISupportedInterfaceOrientations = UIInterfaceOrientationPortrait;
				INFOPLIST_KEY_UISupportedInterfaceOrientations_iPad = "UIInterfaceOrientationLandscapeLeft UIInterfaceOrientationLandscapeRight UIInterfaceOrientationPortrait UIInterfaceOrientationPortraitUpsideDown";
				LD_RUNPATH_SEARCH_PATHS = (
					"$(inherited)",
					"@executable_path/Frameworks",
				);
				MARKETING_VERSION = 1.0;
				PRODUCT_BUNDLE_IDENTIFIER = com.luizaraujo.practices.ExchangeRates;
				PRODUCT_NAME = "$(TARGET_NAME)";
				SUPPORTED_PLATFORMS = "iphoneos iphonesimulator";
				SUPPORTS_MACCATALYST = NO;
				SUPPORTS_MAC_DESIGNED_FOR_IPHONE_IPAD = NO;
				SWIFT_EMIT_LOC_STRINGS = YES;
				SWIFT_VERSION = 5.0;
				TARGETED_DEVICE_FAMILY = 1;
			};
			name = Release;
		};
/* End XCBuildConfiguration section */

/* Begin XCConfigurationList section */
		6FA35BE12AB72BF8009194EE /* Build configuration list for PBXProject "ExchangeRates" */ = {
			isa = XCConfigurationList;
			buildConfigurations = (
				6FA35BF22AB72BF9009194EE /* Debug */,
				6FA35BF32AB72BF9009194EE /* Release */,
			);
			defaultConfigurationIsVisible = 0;
			defaultConfigurationName = Release;
		};
		6FA35BF42AB72BF9009194EE /* Build configuration list for PBXNativeTarget "ExchangeRates" */ = {
			isa = XCConfigurationList;
			buildConfigurations = (
				6FA35BF52AB72BF9009194EE /* Debug */,
				6FA35BF62AB72BF9009194EE /* Release */,
			);
			defaultConfigurationIsVisible = 0;
			defaultConfigurationName = Release;
		};
/* End XCConfigurationList section */
	};
	rootObject = 6FA35BDE2AB72BF8009194EE /* Project object */;
}
