// !$*UTF8*$!
{
	archiveVersion = 1;
	classes = {
	};
	objectVersion = 56;
	objects = {

/* Begin PBXBuildFile section */
		6F8E262B29783EE5001C4C39 /* teste2App.swift in Sources */ = {isa = PBXBuildFile; fileRef = 6F8E262A29783EE5001C4C39 /* teste2App.swift */; };
		6F8E262D29783EE5001C4C39 /* ContentView.swift in Sources */ = {isa = PBXBuildFile; fileRef = 6F8E262C29783EE5001C4C39 /* ContentView.swift */; };
		6F8E262F29783EE7001C4C39 /* Assets.xcassets in Resources */ = {isa = PBXBuildFile; fileRef = 6F8E262E29783EE7001C4C39 /* Assets.xcassets */; };
		6F8E263229783EE7001C4C39 /* Preview Assets.xcassets in Resources */ = {isa = PBXBuildFile; fileRef = 6F8E263129783EE7001C4C39 /* Preview Assets.xcassets */; };
		6F8E263C29783EE7001C4C39 /* teste2Tests.swift in Sources */ = {isa = PBXBuildFile; fileRef = 6F8E263B29783EE7001C4C39 /* teste2Tests.swift */; };
		6F8E264629783EE7001C4C39 /* teste2UITests.swift in Sources */ = {isa = PBXBuildFile; fileRef = 6F8E264529783EE7001C4C39 /* teste2UITests.swift */; };
		6F8E264829783EE7001C4C39 /* teste2UITestsLaunchTests.swift in Sources */ = {isa = PBXBuildFile; fileRef = 6F8E264729783EE7001C4C39 /* teste2UITestsLaunchTests.swift */; };
/* End PBXBuildFile section */

/* Begin PBXContainerItemProxy section */
		6F8E263829783EE7001C4C39 /* PBXContainerItemProxy */ = {
			isa = PBXContainerItemProxy;
			containerPortal = 6F8E261F29783EE5001C4C39 /* Project object */;
			proxyType = 1;
			remoteGlobalIDString = 6F8E262629783EE5001C4C39;
			remoteInfo = teste2;
		};
		6F8E264229783EE7001C4C39 /* PBXContainerItemProxy */ = {
			isa = PBXContainerItemProxy;
			containerPortal = 6F8E261F29783EE5001C4C39 /* Project object */;
			proxyType = 1;
			remoteGlobalIDString = 6F8E262629783EE5001C4C39;
			remoteInfo = teste2;
		};
/* End PBXContainerItemProxy section */

/* Begin PBXFileReference section */
		6F8E262729783EE5001C4C39 /* teste2.app */ = {isa = PBXFileReference; explicitFileType = wrapper.application; includeInIndex = 0; path = teste2.app; sourceTree = BUILT_PRODUCTS_DIR; };
		6F8E262A29783EE5001C4C39 /* teste2App.swift */ = {isa = PBXFileReference; lastKnownFileType = sourcecode.swift; path = teste2App.swift; sourceTree = "<group>"; };
		6F8E262C29783EE5001C4C39 /* ContentView.swift */ = {isa = PBXFileReference; lastKnownFileType = sourcecode.swift; path = ContentView.swift; sourceTree = "<group>"; };
		6F8E262E29783EE7001C4C39 /* Assets.xcassets */ = {isa = PBXFileReference; lastKnownFileType = folder.assetcatalog; path = Assets.xcassets; sourceTree = "<group>"; };
		6F8E263129783EE7001C4C39 /* Preview Assets.xcassets */ = {isa = PBXFileReference; lastKnownFileType = folder.assetcatalog; path = "Preview Assets.xcassets"; sourceTree = "<group>"; };
		6F8E263729783EE7001C4C39 /* teste2Tests.xctest */ = {isa = PBXFileReference; explicitFileType = wrapper.cfbundle; includeInIndex = 0; path = teste2Tests.xctest; sourceTree = BUILT_PRODUCTS_DIR; };
		6F8E263B29783EE7001C4C39 /* teste2Tests.swift */ = {isa = PBXFileReference; lastKnownFileType = sourcecode.swift; path = teste2Tests.swift; sourceTree = "<group>"; };
		6F8E264129783EE7001C4C39 /* teste2UITests.xctest */ = {isa = PBXFileReference; explicitFileType = wrapper.cfbundle; includeInIndex = 0; path = teste2UITests.xctest; sourceTree = BUILT_PRODUCTS_DIR; };
		6F8E264529783EE7001C4C39 /* teste2UITests.swift */ = {isa = PBXFileReference; lastKnownFileType = sourcecode.swift; path = teste2UITests.swift; sourceTree = "<group>"; };
		6F8E264729783EE7001C4C39 /* teste2UITestsLaunchTests.swift */ = {isa = PBXFileReference; lastKnownFileType = sourcecode.swift; path = teste2UITestsLaunchTests.swift; sourceTree = "<group>"; };
/* End PBXFileReference section */

/* Begin PBXFrameworksBuildPhase section */
		6F8E262429783EE5001C4C39 /* Frameworks */ = {
			isa = PBXFrameworksBuildPhase;
			buildActionMask = 2147483647;
			files = (
			);
			runOnlyForDeploymentPostprocessing = 0;
		};
		6F8E263429783EE7001C4C39 /* Frameworks */ = {
			isa = PBXFrameworksBuildPhase;
			buildActionMask = 2147483647;
			files = (
			);
			runOnlyForDeploymentPostprocessing = 0;
		};
		6F8E263E29783EE7001C4C39 /* Frameworks */ = {
			isa = PBXFrameworksBuildPhase;
			buildActionMask = 2147483647;
			files = (
			);
			runOnlyForDeploymentPostprocessing = 0;
		};
/* End PBXFrameworksBuildPhase section */

/* Begin PBXGroup section */
		6F8E261E29783EE5001C4C39 = {
			isa = PBXGroup;
			children = (
				6F8E262929783EE5001C4C39 /* teste2 */,
				6F8E263A29783EE7001C4C39 /* teste2Tests */,
				6F8E264429783EE7001C4C39 /* teste2UITests */,
				6F8E262829783EE5001C4C39 /* Products */,
			);
			sourceTree = "<group>";
		};
		6F8E262829783EE5001C4C39 /* Products */ = {
			isa = PBXGroup;
			children = (
				6F8E262729783EE5001C4C39 /* teste2.app */,
				6F8E263729783EE7001C4C39 /* teste2Tests.xctest */,
				6F8E264129783EE7001C4C39 /* teste2UITests.xctest */,
			);
			name = Products;
			sourceTree = "<group>";
		};
		6F8E262929783EE5001C4C39 /* teste2 */ = {
			isa = PBXGroup;
			children = (
				6F8E262A29783EE5001C4C39 /* teste2App.swift */,
				6F8E262C29783EE5001C4C39 /* ContentView.swift */,
				6F8E262E29783EE7001C4C39 /* Assets.xcassets */,
				6F8E263029783EE7001C4C39 /* Preview Content */,
			);
			path = teste2;
			sourceTree = "<group>";
		};
		6F8E263029783EE7001C4C39 /* Preview Content */ = {
			isa = PBXGroup;
			children = (
				6F8E263129783EE7001C4C39 /* Preview Assets.xcassets */,
			);
			path = "Preview Content";
			sourceTree = "<group>";
		};
		6F8E263A29783EE7001C4C39 /* teste2Tests */ = {
			isa = PBXGroup;
			children = (
				6F8E263B29783EE7001C4C39 /* teste2Tests.swift */,
			);
			path = teste2Tests;
			sourceTree = "<group>";
		};
		6F8E264429783EE7001C4C39 /* teste2UITests */ = {
			isa = PBXGroup;
			children = (
				6F8E264529783EE7001C4C39 /* teste2UITests.swift */,
				6F8E264729783EE7001C4C39 /* teste2UITestsLaunchTests.swift */,
			);
			path = teste2UITests;
			sourceTree = "<group>";
		};
/* End PBXGroup section */

/* Begin PBXNativeTarget section */
		6F8E262629783EE5001C4C39 /* teste2 */ = {
			isa = PBXNativeTarget;
			buildConfigurationList = 6F8E264B29783EE7001C4C39 /* Build configuration list for PBXNativeTarget "teste2" */;
			buildPhases = (
				6F8E262329783EE5001C4C39 /* Sources */,
				6F8E262429783EE5001C4C39 /* Frameworks */,
				6F8E262529783EE5001C4C39 /* Resources */,
			);
			buildRules = (
			);
			dependencies = (
			);
			name = teste2;
			productName = teste2;
			productReference = 6F8E262729783EE5001C4C39 /* teste2.app */;
			productType = "com.apple.product-type.application";
		};
		6F8E263629783EE7001C4C39 /* teste2Tests */ = {
			isa = PBXNativeTarget;
			buildConfigurationList = 6F8E264E29783EE7001C4C39 /* Build configuration list for PBXNativeTarget "teste2Tests" */;
			buildPhases = (
				6F8E263329783EE7001C4C39 /* Sources */,
				6F8E263429783EE7001C4C39 /* Frameworks */,
				6F8E263529783EE7001C4C39 /* Resources */,
			);
			buildRules = (
			);
			dependencies = (
				6F8E263929783EE7001C4C39 /* PBXTargetDependency */,
			);
			name = teste2Tests;
			productName = teste2Tests;
			productReference = 6F8E263729783EE7001C4C39 /* teste2Tests.xctest */;
			productType = "com.apple.product-type.bundle.unit-test";
		};
		6F8E264029783EE7001C4C39 /* teste2UITests */ = {
			isa = PBXNativeTarget;
			buildConfigurationList = 6F8E265129783EE7001C4C39 /* Build configuration list for PBXNativeTarget "teste2UITests" */;
			buildPhases = (
				6F8E263D29783EE7001C4C39 /* Sources */,
				6F8E263E29783EE7001C4C39 /* Frameworks */,
				6F8E263F29783EE7001C4C39 /* Resources */,
			);
			buildRules = (
			);
			dependencies = (
				6F8E264329783EE7001C4C39 /* PBXTargetDependency */,
			);
			name = teste2UITests;
			productName = teste2UITests;
			productReference = 6F8E264129783EE7001C4C39 /* teste2UITests.xctest */;
			productType = "com.apple.product-type.bundle.ui-testing";
		};
/* End PBXNativeTarget section */

/* Begin PBXProject section */
		6F8E261F29783EE5001C4C39 /* Project object */ = {
			isa = PBXProject;
			attributes = {
				BuildIndependentTargetsInParallel = 1;
				LastSwiftUpdateCheck = 1420;
				LastUpgradeCheck = 1420;
				TargetAttributes = {
					6F8E262629783EE5001C4C39 = {
						CreatedOnToolsVersion = 14.2;
					};
					6F8E263629783EE7001C4C39 = {
						CreatedOnToolsVersion = 14.2;
						TestTargetID = 6F8E262629783EE5001C4C39;
					};
					6F8E264029783EE7001C4C39 = {
						CreatedOnToolsVersion = 14.2;
						TestTargetID = 6F8E262629783EE5001C4C39;
					};
				};
			};
			buildConfigurationList = 6F8E262229783EE5001C4C39 /* Build configuration list for PBXProject "teste2" */;
			compatibilityVersion = "Xcode 14.0";
			developmentRegion = en;
			hasScannedForEncodings = 0;
			knownRegions = (
				en,
				Base,
			);
			mainGroup = 6F8E261E29783EE5001C4C39;
			productRefGroup = 6F8E262829783EE5001C4C39 /* Products */;
			projectDirPath = "";
			projectRoot = "";
			targets = (
				6F8E262629783EE5001C4C39 /* teste2 */,
				6F8E263629783EE7001C4C39 /* teste2Tests */,
				6F8E264029783EE7001C4C39 /* teste2UITests */,
			);
		};
/* End PBXProject section */

/* Begin PBXResourcesBuildPhase section */
		6F8E262529783EE5001C4C39 /* Resources */ = {
			isa = PBXResourcesBuildPhase;
			buildActionMask = 2147483647;
			files = (
				6F8E263229783EE7001C4C39 /* Preview Assets.xcassets in Resources */,
				6F8E262F29783EE7001C4C39 /* Assets.xcassets in Resources */,
			);
			runOnlyForDeploymentPostprocessing = 0;
		};
		6F8E263529783EE7001C4C39 /* Resources */ = {
			isa = PBXResourcesBuildPhase;
			buildActionMask = 2147483647;
			files = (
			);
			runOnlyForDeploymentPostprocessing = 0;
		};
		6F8E263F29783EE7001C4C39 /* Resources */ = {
			isa = PBXResourcesBuildPhase;
			buildActionMask = 2147483647;
			files = (
			);
			runOnlyForDeploymentPostprocessing = 0;
		};
/* End PBXResourcesBuildPhase section */

/* Begin PBXSourcesBuildPhase section */
		6F8E262329783EE5001C4C39 /* Sources */ = {
			isa = PBXSourcesBuildPhase;
			buildActionMask = 2147483647;
			files = (
				6F8E262D29783EE5001C4C39 /* ContentView.swift in Sources */,
				6F8E262B29783EE5001C4C39 /* teste2App.swift in Sources */,
			);
			runOnlyForDeploymentPostprocessing = 0;
		};
		6F8E263329783EE7001C4C39 /* Sources */ = {
			isa = PBXSourcesBuildPhase;
			buildActionMask = 2147483647;
			files = (
				6F8E263C29783EE7001C4C39 /* teste2Tests.swift in Sources */,
			);
			runOnlyForDeploymentPostprocessing = 0;
		};
		6F8E263D29783EE7001C4C39 /* Sources */ = {
			isa = PBXSourcesBuildPhase;
			buildActionMask = 2147483647;
			files = (
				6F8E264629783EE7001C4C39 /* teste2UITests.swift in Sources */,
				6F8E264829783EE7001C4C39 /* teste2UITestsLaunchTests.swift in Sources */,
			);
			runOnlyForDeploymentPostprocessing = 0;
		};
/* End PBXSourcesBuildPhase section */

/* Begin PBXTargetDependency section */
		6F8E263929783EE7001C4C39 /* PBXTargetDependency */ = {
			isa = PBXTargetDependency;
			target = 6F8E262629783EE5001C4C39 /* teste2 */;
			targetProxy = 6F8E263829783EE7001C4C39 /* PBXContainerItemProxy */;
		};
		6F8E264329783EE7001C4C39 /* PBXTargetDependency */ = {
			isa = PBXTargetDependency;
			target = 6F8E262629783EE5001C4C39 /* teste2 */;
			targetProxy = 6F8E264229783EE7001C4C39 /* PBXContainerItemProxy */;
		};
/* End PBXTargetDependency section */

/* Begin XCBuildConfiguration section */
		6F8E264929783EE7001C4C39 /* Debug */ = {
			isa = XCBuildConfiguration;
			buildSettings = {
				ALWAYS_SEARCH_USER_PATHS = NO;
				CLANG_ANALYZER_NONNULL = YES;
				CLANG_ANALYZER_NUMBER_OBJECT_CONVERSION = YES_AGGRESSIVE;
				CLANG_CXX_LANGUAGE_STANDARD = "gnu++20";
				CLANG_ENABLE_MODULES = YES;
				CLANG_ENABLE_OBJC_ARC = YES;
				CLANG_ENABLE_OBJC_WEAK = YES;
				CLANG_WARN_BLOCK_CAPTURE_AUTORELEASING = YES;
				CLANG_WARN_BOOL_CONVERSION = YES;
				CLANG_WARN_COMMA = YES;
				CLANG_WARN_CONSTANT_CONVERSION = YES;
				CLANG_WARN_DEPRECATED_OBJC_IMPLEMENTATIONS = YES;
				CLANG_WARN_DIRECT_OBJC_ISA_USAGE = YES_ERROR;
				CLANG_WARN_DOCUMENTATION_COMMENTS = YES;
				CLANG_WARN_EMPTY_BODY = YES;
				CLANG_WARN_ENUM_CONVERSION = YES;
				CLANG_WARN_INFINITE_RECURSION = YES;
				CLANG_WARN_INT_CONVERSION = YES;
				CLANG_WARN_NON_LITERAL_NULL_CONVERSION = YES;
				CLANG_WARN_OBJC_IMPLICIT_RETAIN_SELF = YES;
				CLANG_WARN_OBJC_LITERAL_CONVERSION = YES;
				CLANG_WARN_OBJC_ROOT_CLASS = YES_ERROR;
				CLANG_WARN_QUOTED_INCLUDE_IN_FRAMEWORK_HEADER = YES;
				CLANG_WARN_RANGE_LOOP_ANALYSIS = YES;
				CLANG_WARN_STRICT_PROTOTYPES = YES;
				CLANG_WARN_SUSPICIOUS_MOVE = YES;
				CLANG_WARN_UNGUARDED_AVAILABILITY = YES_AGGRESSIVE;
				CLANG_WARN_UNREACHABLE_CODE = YES;
				CLANG_WARN__DUPLICATE_METHOD_MATCH = YES;
				COPY_PHASE_STRIP = NO;
				DEBUG_INFORMATION_FORMAT = dwarf;
				ENABLE_STRICT_OBJC_MSGSEND = YES;
				ENABLE_TESTABILITY = YES;
				GCC_C_LANGUAGE_STANDARD = gnu11;
				GCC_DYNAMIC_NO_PIC = NO;
				GCC_NO_COMMON_BLOCKS = YES;
				GCC_OPTIMIZATION_LEVEL = 0;
				GCC_PREPROCESSOR_DEFINITIONS = (
					"DEBUG=1",
					"$(inherited)",
				);
				GCC_WARN_64_TO_32_BIT_CONVERSION = YES;
				GCC_WARN_ABOUT_RETURN_TYPE = YES_ERROR;
				GCC_WARN_UNDECLARED_SELECTOR = YES;
				GCC_WARN_UNINITIALIZED_AUTOS = YES_AGGRESSIVE;
				GCC_WARN_UNUSED_FUNCTION = YES;
				GCC_WARN_UNUSED_VARIABLE = YES;
				IPHONEOS_DEPLOYMENT_TARGET = 16.2;
				MTL_ENABLE_DEBUG_INFO = INCLUDE_SOURCE;
				MTL_FAST_MATH = YES;
				ONLY_ACTIVE_ARCH = YES;
				SDKROOT = iphoneos;
				SWIFT_ACTIVE_COMPILATION_CONDITIONS = DEBUG;
				SWIFT_OPTIMIZATION_LEVEL = "-Onone";
			};
			name = Debug;
		};
		6F8E264A29783EE7001C4C39 /* Release */ = {
			isa = XCBuildConfiguration;
			buildSettings = {
				ALWAYS_SEARCH_USER_PATHS = NO;
				CLANG_ANALYZER_NONNULL = YES;
				CLANG_ANALYZER_NUMBER_OBJECT_CONVERSION = YES_AGGRESSIVE;
				CLANG_CXX_LANGUAGE_STANDARD = "gnu++20";
				CLANG_ENABLE_MODULES = YES;
				CLANG_ENABLE_OBJC_ARC = YES;
				CLANG_ENABLE_OBJC_WEAK = YES;
				CLANG_WARN_BLOCK_CAPTURE_AUTORELEASING = YES;
				CLANG_WARN_BOOL_CONVERSION = YES;
				CLANG_WARN_COMMA = YES;
				CLANG_WARN_CONSTANT_CONVERSION = YES;
				CLANG_WARN_DEPRECATED_OBJC_IMPLEMENTATIONS = YES;
				CLANG_WARN_DIRECT_OBJC_ISA_USAGE = YES_ERROR;
				CLANG_WARN_DOCUMENTATION_COMMENTS = YES;
				CLANG_WARN_EMPTY_BODY = YES;
				CLANG_WARN_ENUM_CONVERSION = YES;
				CLANG_WARN_INFINITE_RECURSION = YES;
				CLANG_WARN_INT_CONVERSION = YES;
				CLANG_WARN_NON_LITERAL_NULL_CONVERSION = YES;
				CLANG_WARN_OBJC_IMPLICIT_RETAIN_SELF = YES;
				CLANG_WARN_OBJC_LITERAL_CONVERSION = YES;
				CLANG_WARN_OBJC_ROOT_CLASS = YES_ERROR;
				CLANG_WARN_QUOTED_INCLUDE_IN_FRAMEWORK_HEADER = YES;
				CLANG_WARN_RANGE_LOOP_ANALYSIS = YES;
				CLANG_WARN_STRICT_PROTOTYPES = YES;
				CLANG_WARN_SUSPICIOUS_MOVE = YES;
				CLANG_WARN_UNGUARDED_AVAILABILITY = YES_AGGRESSIVE;
				CLANG_WARN_UNREACHABLE_CODE = YES;
				CLANG_WARN__DUPLICATE_METHOD_MATCH = YES;
				COPY_PHASE_STRIP = NO;
				DEBUG_INFORMATION_FORMAT = "dwarf-with-dsym";
				ENABLE_NS_ASSERTIONS = NO;
				ENABLE_STRICT_OBJC_MSGSEND = YES;
				GCC_C_LANGUAGE_STANDARD = gnu11;
				GCC_NO_COMMON_BLOCKS = YES;
				GCC_WARN_64_TO_32_BIT_CONVERSION = YES;
				GCC_WARN_ABOUT_RETURN_TYPE = YES_ERROR;
				GCC_WARN_UNDECLARED_SELECTOR = YES;
				GCC_WARN_UNINITIALIZED_AUTOS = YES_AGGRESSIVE;
				GCC_WARN_UNUSED_FUNCTION = YES;
				GCC_WARN_UNUSED_VARIABLE = YES;
				IPHONEOS_DEPLOYMENT_TARGET = 16.2;
				MTL_ENABLE_DEBUG_INFO = NO;
				MTL_FAST_MATH = YES;
				SDKROOT = iphoneos;
				SWIFT_COMPILATION_MODE = wholemodule;
				SWIFT_OPTIMIZATION_LEVEL = "-O";
				VALIDATE_PRODUCT = YES;
			};
			name = Release;
		};
		6F8E264C29783EE7001C4C39 /* Debug */ = {
			isa = XCBuildConfiguration;
			buildSettings = {
				ASSETCATALOG_COMPILER_APPICON_NAME = AppIcon;
				ASSETCATALOG_COMPILER_GLOBAL_ACCENT_COLOR_NAME = AccentColor;
				CODE_SIGN_STYLE = Automatic;
				CURRENT_PROJECT_VERSION = 1;
				DEVELOPMENT_ASSET_PATHS = "\"teste2/Preview Content\"";
				DEVELOPMENT_TEAM = K328B98U3F;
				ENABLE_PREVIEWS = YES;
				GENERATE_INFOPLIST_FILE = YES;
				INFOPLIST_KEY_UIApplicationSceneManifest_Generation = YES;
				INFOPLIST_KEY_UIApplicationSupportsIndirectInputEvents = YES;
				INFOPLIST_KEY_UILaunchScreen_Generation = YES;
				INFOPLIST_KEY_UISupportedInterfaceOrientations_iPad = "UIInterfaceOrientationPortrait UIInterfaceOrientationPortraitUpsideDown UIInterfaceOrientationLandscapeLeft UIInterfaceOrientationLandscapeRight";
				INFOPLIST_KEY_UISupportedInterfaceOrientations_iPhone = "UIInterfaceOrientationPortrait UIInterfaceOrientationLandscapeLeft UIInterfaceOrientationLandscapeRight";
				LD_RUNPATH_SEARCH_PATHS = (
					"$(inherited)",
					"@executable_path/Frameworks",
				);
				MARKETING_VERSION = 1.0;
				PRODUCT_BUNDLE_IDENTIFIER = com.practices.teste2;
				PRODUCT_NAME = "$(TARGET_NAME)";
				SWIFT_EMIT_LOC_STRINGS = YES;
				SWIFT_VERSION = 5.0;
				TARGETED_DEVICE_FAMILY = "1,2";
			};
			name = Debug;
		};
		6F8E264D29783EE7001C4C39 /* Release */ = {
			isa = XCBuildConfiguration;
			buildSettings = {
				ASSETCATALOG_COMPILER_APPICON_NAME = AppIcon;
				ASSETCATALOG_COMPILER_GLOBAL_ACCENT_COLOR_NAME = AccentColor;
				CODE_SIGN_STYLE = Automatic;
				CURRENT_PROJECT_VERSION = 1;
				DEVELOPMENT_ASSET_PATHS = "\"teste2/Preview Content\"";
				DEVELOPMENT_TEAM = K328B98U3F;
				ENABLE_PREVIEWS = YES;
				GENERATE_INFOPLIST_FILE = YES;
				INFOPLIST_KEY_UIApplicationSceneManifest_Generation = YES;
				INFOPLIST_KEY_UIApplicationSupportsIndirectInputEvents = YES;
				INFOPLIST_KEY_UILaunchScreen_Generation = YES;
				INFOPLIST_KEY_UISupportedInterfaceOrientations_iPad = "UIInterfaceOrientationPortrait UIInterfaceOrientationPortraitUpsideDown UIInterfaceOrientationLandscapeLeft UIInterfaceOrientationLandscapeRight";
				INFOPLIST_KEY_UISupportedInterfaceOrientations_iPhone = "UIInterfaceOrientationPortrait UIInterfaceOrientationLandscapeLeft UIInterfaceOrientationLandscapeRight";
				LD_RUNPATH_SEARCH_PATHS = (
					"$(inherited)",
					"@executable_path/Frameworks",
				);
				MARKETING_VERSION = 1.0;
				PRODUCT_BUNDLE_IDENTIFIER = com.practices.teste2;
				PRODUCT_NAME = "$(TARGET_NAME)";
				SWIFT_EMIT_LOC_STRINGS = YES;
				SWIFT_VERSION = 5.0;
				TARGETED_DEVICE_FAMILY = "1,2";
			};
			name = Release;
		};
		6F8E264F29783EE7001C4C39 /* Debug */ = {
			isa = XCBuildConfiguration;
			buildSettings = {
				ALWAYS_EMBED_SWIFT_STANDARD_LIBRARIES = YES;
				BUNDLE_LOADER = "$(TEST_HOST)";
				CODE_SIGN_STYLE = Automatic;
				CURRENT_PROJECT_VERSION = 1;
				DEVELOPMENT_TEAM = K328B98U3F;
				GENERATE_INFOPLIST_FILE = YES;
				IPHONEOS_DEPLOYMENT_TARGET = 16.2;
				MARKETING_VERSION = 1.0;
				PRODUCT_BUNDLE_IDENTIFIER = com.practices.teste2Tests;
				PRODUCT_NAME = "$(TARGET_NAME)";
				SWIFT_EMIT_LOC_STRINGS = NO;
				SWIFT_VERSION = 5.0;
				TARGETED_DEVICE_FAMILY = "1,2";
				TEST_HOST = "$(BUILT_PRODUCTS_DIR)/teste2.app/$(BUNDLE_EXECUTABLE_FOLDER_PATH)/teste2";
			};
			name = Debug;
		};
		6F8E265029783EE7001C4C39 /* Release */ = {
			isa = XCBuildConfiguration;
			buildSettings = {
				ALWAYS_EMBED_SWIFT_STANDARD_LIBRARIES = YES;
				BUNDLE_LOADER = "$(TEST_HOST)";
				CODE_SIGN_STYLE = Automatic;
				CURRENT_PROJECT_VERSION = 1;
				DEVELOPMENT_TEAM = K328B98U3F;
				GENERATE_INFOPLIST_FILE = YES;
				IPHONEOS_DEPLOYMENT_TARGET = 16.2;
				MARKETING_VERSION = 1.0;
				PRODUCT_BUNDLE_IDENTIFIER = com.practices.teste2Tests;
				PRODUCT_NAME = "$(TARGET_NAME)";
				SWIFT_EMIT_LOC_STRINGS = NO;
				SWIFT_VERSION = 5.0;
				TARGETED_DEVICE_FAMILY = "1,2";
				TEST_HOST = "$(BUILT_PRODUCTS_DIR)/teste2.app/$(BUNDLE_EXECUTABLE_FOLDER_PATH)/teste2";
			};
			name = Release;
		};
		6F8E265229783EE7001C4C39 /* Debug */ = {
			isa = XCBuildConfiguration;
			buildSettings = {
				ALWAYS_EMBED_SWIFT_STANDARD_LIBRARIES = YES;
				CODE_SIGN_STYLE = Automatic;
				CURRENT_PROJECT_VERSION = 1;
				DEVELOPMENT_TEAM = K328B98U3F;
				GENERATE_INFOPLIST_FILE = YES;
				MARKETING_VERSION = 1.0;
				PRODUCT_BUNDLE_IDENTIFIER = com.practices.teste2UITests;
				PRODUCT_NAME = "$(TARGET_NAME)";
				SWIFT_EMIT_LOC_STRINGS = NO;
				SWIFT_VERSION = 5.0;
				TARGETED_DEVICE_FAMILY = "1,2";
				TEST_TARGET_NAME = teste2;
			};
			name = Debug;
		};
		6F8E265329783EE7001C4C39 /* Release */ = {
			isa = XCBuildConfiguration;
			buildSettings = {
				ALWAYS_EMBED_SWIFT_STANDARD_LIBRARIES = YES;
				CODE_SIGN_STYLE = Automatic;
				CURRENT_PROJECT_VERSION = 1;
				DEVELOPMENT_TEAM = K328B98U3F;
				GENERATE_INFOPLIST_FILE = YES;
				MARKETING_VERSION = 1.0;
				PRODUCT_BUNDLE_IDENTIFIER = com.practices.teste2UITests;
				PRODUCT_NAME = "$(TARGET_NAME)";
				SWIFT_EMIT_LOC_STRINGS = NO;
				SWIFT_VERSION = 5.0;
				TARGETED_DEVICE_FAMILY = "1,2";
				TEST_TARGET_NAME = teste2;
			};
			name = Release;
		};
/* End XCBuildConfiguration section */

/* Begin XCConfigurationList section */
		6F8E262229783EE5001C4C39 /* Build configuration list for PBXProject "teste2" */ = {
			isa = XCConfigurationList;
			buildConfigurations = (
				6F8E264929783EE7001C4C39 /* Debug */,
				6F8E264A29783EE7001C4C39 /* Release */,
			);
			defaultConfigurationIsVisible = 0;
			defaultConfigurationName = Release;
		};
		6F8E264B29783EE7001C4C39 /* Build configuration list for PBXNativeTarget "teste2" */ = {
			isa = XCConfigurationList;
			buildConfigurations = (
				6F8E264C29783EE7001C4C39 /* Debug */,
				6F8E264D29783EE7001C4C39 /* Release */,
			);
			defaultConfigurationIsVisible = 0;
			defaultConfigurationName = Release;
		};
		6F8E264E29783EE7001C4C39 /* Build configuration list for PBXNativeTarget "teste2Tests" */ = {
			isa = XCConfigurationList;
			buildConfigurations = (
				6F8E264F29783EE7001C4C39 /* Debug */,
				6F8E265029783EE7001C4C39 /* Release */,
			);
			defaultConfigurationIsVisible = 0;
			defaultConfigurationName = Release;
		};
		6F8E265129783EE7001C4C39 /* Build configuration list for PBXNativeTarget "teste2UITests" */ = {
			isa = XCConfigurationList;
			buildConfigurations = (
				6F8E265229783EE7001C4C39 /* Debug */,
				6F8E265329783EE7001C4C39 /* Release */,
			);
			defaultConfigurationIsVisible = 0;
			defaultConfigurationName = Release;
		};
/* End XCConfigurationList section */
	};
	rootObject = 6F8E261F29783EE5001C4C39 /* Project object */;
}
