// !$*UTF8*$!
{
	archiveVersion = 1;
	classes = {
	};
	objectVersion = 56;
	objects = {

/* Begin PBXBuildFile section */
		6FC1E8D829F1A04900D0EB01 /* CripticAppApp.swift in Sources */ = {isa = PBXBuildFile; fileRef = 6FC1E8D729F1A04900D0EB01 /* CripticAppApp.swift */; };
		6FC1E8DA29F1A04900D0EB01 /* Persistence.swift in Sources */ = {isa = PBXBuildFile; fileRef = 6FC1E8D929F1A04900D0EB01 /* Persistence.swift */; };
		6FC1E8DD29F1A04900D0EB01 /* CripticApp.xcdatamodeld in Sources */ = {isa = PBXBuildFile; fileRef = 6FC1E8DB29F1A04900D0EB01 /* CripticApp.xcdatamodeld */; };
		6FC1E8DF29F1A04900D0EB01 /* ContentView.swift in Sources */ = {isa = PBXBuildFile; fileRef = 6FC1E8DE29F1A04900D0EB01 /* ContentView.swift */; };
		6FC1E8E129F1A04B00D0EB01 /* Assets.xcassets in Resources */ = {isa = PBXBuildFile; fileRef = 6FC1E8E029F1A04B00D0EB01 /* Assets.xcassets */; };
		6FC1E8E529F1A04B00D0EB01 /* Preview Assets.xcassets in Resources */ = {isa = PBXBuildFile; fileRef = 6FC1E8E429F1A04B00D0EB01 /* Preview Assets.xcassets */; };
		6FC1E8EF29F1A04C00D0EB01 /* CripticAppTests.swift in Sources */ = {isa = PBXBuildFile; fileRef = 6FC1E8EE29F1A04C00D0EB01 /* CripticAppTests.swift */; };
		6FC1E8F929F1A04C00D0EB01 /* CripticAppUITests.swift in Sources */ = {isa = PBXBuildFile; fileRef = 6FC1E8F829F1A04C00D0EB01 /* CripticAppUITests.swift */; };
		6FC1E8FB29F1A04C00D0EB01 /* CripticAppUITestsLaunchTests.swift in Sources */ = {isa = PBXBuildFile; fileRef = 6FC1E8FA29F1A04C00D0EB01 /* CripticAppUITestsLaunchTests.swift */; };
/* End PBXBuildFile section */

/* Begin PBXContainerItemProxy section */
		6FC1E8EB29F1A04C00D0EB01 /* PBXContainerItemProxy */ = {
			isa = PBXContainerItemProxy;
			containerPortal = 6FC1E8CC29F1A04900D0EB01 /* Project object */;
			proxyType = 1;
			remoteGlobalIDString = 6FC1E8D329F1A04900D0EB01;
			remoteInfo = CripticApp;
		};
		6FC1E8F529F1A04C00D0EB01 /* PBXContainerItemProxy */ = {
			isa = PBXContainerItemProxy;
			containerPortal = 6FC1E8CC29F1A04900D0EB01 /* Project object */;
			proxyType = 1;
			remoteGlobalIDString = 6FC1E8D329F1A04900D0EB01;
			remoteInfo = CripticApp;
		};
/* End PBXContainerItemProxy section */

/* Begin PBXFileReference section */
		6FC1E8D429F1A04900D0EB01 /* CripticApp.app */ = {isa = PBXFileReference; explicitFileType = wrapper.application; includeInIndex = 0; path = CripticApp.app; sourceTree = BUILT_PRODUCTS_DIR; };
		6FC1E8D729F1A04900D0EB01 /* CripticAppApp.swift */ = {isa = PBXFileReference; lastKnownFileType = sourcecode.swift; path = CripticAppApp.swift; sourceTree = "<group>"; };
		6FC1E8D929F1A04900D0EB01 /* Persistence.swift */ = {isa = PBXFileReference; lastKnownFileType = sourcecode.swift; path = Persistence.swift; sourceTree = "<group>"; };
		6FC1E8DC29F1A04900D0EB01 /* CripticApp.xcdatamodel */ = {isa = PBXFileReference; lastKnownFileType = wrapper.xcdatamodel; path = CripticApp.xcdatamodel; sourceTree = "<group>"; };
		6FC1E8DE29F1A04900D0EB01 /* ContentView.swift */ = {isa = PBXFileReference; lastKnownFileType = sourcecode.swift; path = ContentView.swift; sourceTree = "<group>"; };
		6FC1E8E029F1A04B00D0EB01 /* Assets.xcassets */ = {isa = PBXFileReference; lastKnownFileType = folder.assetcatalog; path = Assets.xcassets; sourceTree = "<group>"; };
		6FC1E8E229F1A04B00D0EB01 /* CripticApp.entitlements */ = {isa = PBXFileReference; lastKnownFileType = text.plist.entitlements; path = CripticApp.entitlements; sourceTree = "<group>"; };
		6FC1E8E429F1A04B00D0EB01 /* Preview Assets.xcassets */ = {isa = PBXFileReference; lastKnownFileType = folder.assetcatalog; path = "Preview Assets.xcassets"; sourceTree = "<group>"; };
		6FC1E8EA29F1A04C00D0EB01 /* CripticAppTests.xctest */ = {isa = PBXFileReference; explicitFileType = wrapper.cfbundle; includeInIndex = 0; path = CripticAppTests.xctest; sourceTree = BUILT_PRODUCTS_DIR; };
		6FC1E8EE29F1A04C00D0EB01 /* CripticAppTests.swift */ = {isa = PBXFileReference; lastKnownFileType = sourcecode.swift; path = CripticAppTests.swift; sourceTree = "<group>"; };
		6FC1E8F429F1A04C00D0EB01 /* CripticAppUITests.xctest */ = {isa = PBXFileReference; explicitFileType = wrapper.cfbundle; includeInIndex = 0; path = CripticAppUITests.xctest; sourceTree = BUILT_PRODUCTS_DIR; };
		6FC1E8F829F1A04C00D0EB01 /* CripticAppUITests.swift */ = {isa = PBXFileReference; lastKnownFileType = sourcecode.swift; path = CripticAppUITests.swift; sourceTree = "<group>"; };
		6FC1E8FA29F1A04C00D0EB01 /* CripticAppUITestsLaunchTests.swift */ = {isa = PBXFileReference; lastKnownFileType = sourcecode.swift; path = CripticAppUITestsLaunchTests.swift; sourceTree = "<group>"; };
/* End PBXFileReference section */

/* Begin PBXFrameworksBuildPhase section */
		6FC1E8D129F1A04900D0EB01 /* Frameworks */ = {
			isa = PBXFrameworksBuildPhase;
			buildActionMask = 2147483647;
			files = (
			);
			runOnlyForDeploymentPostprocessing = 0;
		};
		6FC1E8E729F1A04C00D0EB01 /* Frameworks */ = {
			isa = PBXFrameworksBuildPhase;
			buildActionMask = 2147483647;
			files = (
			);
			runOnlyForDeploymentPostprocessing = 0;
		};
		6FC1E8F129F1A04C00D0EB01 /* Frameworks */ = {
			isa = PBXFrameworksBuildPhase;
			buildActionMask = 2147483647;
			files = (
			);
			runOnlyForDeploymentPostprocessing = 0;
		};
/* End PBXFrameworksBuildPhase section */

/* Begin PBXGroup section */
		6FC1E8CB29F1A04900D0EB01 = {
			isa = PBXGroup;
			children = (
				6FC1E8D629F1A04900D0EB01 /* CripticApp */,
				6FC1E8ED29F1A04C00D0EB01 /* CripticAppTests */,
				6FC1E8F729F1A04C00D0EB01 /* CripticAppUITests */,
				6FC1E8D529F1A04900D0EB01 /* Products */,
			);
			sourceTree = "<group>";
		};
		6FC1E8D529F1A04900D0EB01 /* Products */ = {
			isa = PBXGroup;
			children = (
				6FC1E8D429F1A04900D0EB01 /* CripticApp.app */,
				6FC1E8EA29F1A04C00D0EB01 /* CripticAppTests.xctest */,
				6FC1E8F429F1A04C00D0EB01 /* CripticAppUITests.xctest */,
			);
			name = Products;
			sourceTree = "<group>";
		};
		6FC1E8D629F1A04900D0EB01 /* CripticApp */ = {
			isa = PBXGroup;
			children = (
				6FC1E8D729F1A04900D0EB01 /* CripticAppApp.swift */,
				6FC1E8D929F1A04900D0EB01 /* Persistence.swift */,
				6FC1E8DE29F1A04900D0EB01 /* ContentView.swift */,
				6FC1E8E029F1A04B00D0EB01 /* Assets.xcassets */,
				6FC1E8E229F1A04B00D0EB01 /* CripticApp.entitlements */,
				6FC1E8DB29F1A04900D0EB01 /* CripticApp.xcdatamodeld */,
				6FC1E8E329F1A04B00D0EB01 /* Preview Content */,
			);
			path = CripticApp;
			sourceTree = "<group>";
		};
		6FC1E8E329F1A04B00D0EB01 /* Preview Content */ = {
			isa = PBXGroup;
			children = (
				6FC1E8E429F1A04B00D0EB01 /* Preview Assets.xcassets */,
			);
			path = "Preview Content";
			sourceTree = "<group>";
		};
		6FC1E8ED29F1A04C00D0EB01 /* CripticAppTests */ = {
			isa = PBXGroup;
			children = (
				6FC1E8EE29F1A04C00D0EB01 /* CripticAppTests.swift */,
			);
			path = CripticAppTests;
			sourceTree = "<group>";
		};
		6FC1E8F729F1A04C00D0EB01 /* CripticAppUITests */ = {
			isa = PBXGroup;
			children = (
				6FC1E8F829F1A04C00D0EB01 /* CripticAppUITests.swift */,
				6FC1E8FA29F1A04C00D0EB01 /* CripticAppUITestsLaunchTests.swift */,
			);
			path = CripticAppUITests;
			sourceTree = "<group>";
		};
/* End PBXGroup section */

/* Begin PBXNativeTarget section */
		6FC1E8D329F1A04900D0EB01 /* CripticApp */ = {
			isa = PBXNativeTarget;
			buildConfigurationList = 6FC1E8FE29F1A04C00D0EB01 /* Build configuration list for PBXNativeTarget "CripticApp" */;
			buildPhases = (
				6FC1E8D029F1A04900D0EB01 /* Sources */,
				6FC1E8D129F1A04900D0EB01 /* Frameworks */,
				6FC1E8D229F1A04900D0EB01 /* Resources */,
			);
			buildRules = (
			);
			dependencies = (
			);
			name = CripticApp;
			productName = CripticApp;
			productReference = 6FC1E8D429F1A04900D0EB01 /* CripticApp.app */;
			productType = "com.apple.product-type.application";
		};
		6FC1E8E929F1A04C00D0EB01 /* CripticAppTests */ = {
			isa = PBXNativeTarget;
			buildConfigurationList = 6FC1E90129F1A04C00D0EB01 /* Build configuration list for PBXNativeTarget "CripticAppTests" */;
			buildPhases = (
				6FC1E8E629F1A04C00D0EB01 /* Sources */,
				6FC1E8E729F1A04C00D0EB01 /* Frameworks */,
				6FC1E8E829F1A04C00D0EB01 /* Resources */,
			);
			buildRules = (
			);
			dependencies = (
				6FC1E8EC29F1A04C00D0EB01 /* PBXTargetDependency */,
			);
			name = CripticAppTests;
			productName = CripticAppTests;
			productReference = 6FC1E8EA29F1A04C00D0EB01 /* CripticAppTests.xctest */;
			productType = "com.apple.product-type.bundle.unit-test";
		};
		6FC1E8F329F1A04C00D0EB01 /* CripticAppUITests */ = {
			isa = PBXNativeTarget;
			buildConfigurationList = 6FC1E90429F1A04C00D0EB01 /* Build configuration list for PBXNativeTarget "CripticAppUITests" */;
			buildPhases = (
				6FC1E8F029F1A04C00D0EB01 /* Sources */,
				6FC1E8F129F1A04C00D0EB01 /* Frameworks */,
				6FC1E8F229F1A04C00D0EB01 /* Resources */,
			);
			buildRules = (
			);
			dependencies = (
				6FC1E8F629F1A04C00D0EB01 /* PBXTargetDependency */,
			);
			name = CripticAppUITests;
			productName = CripticAppUITests;
			productReference = 6FC1E8F429F1A04C00D0EB01 /* CripticAppUITests.xctest */;
			productType = "com.apple.product-type.bundle.ui-testing";
		};
/* End PBXNativeTarget section */

/* Begin PBXProject section */
		6FC1E8CC29F1A04900D0EB01 /* Project object */ = {
			isa = PBXProject;
			attributes = {
				BuildIndependentTargetsInParallel = 1;
				LastSwiftUpdateCheck = 1430;
				LastUpgradeCheck = 1430;
				TargetAttributes = {
					6FC1E8D329F1A04900D0EB01 = {
						CreatedOnToolsVersion = 14.3;
					};
					6FC1E8E929F1A04C00D0EB01 = {
						CreatedOnToolsVersion = 14.3;
						TestTargetID = 6FC1E8D329F1A04900D0EB01;
					};
					6FC1E8F329F1A04C00D0EB01 = {
						CreatedOnToolsVersion = 14.3;
						TestTargetID = 6FC1E8D329F1A04900D0EB01;
					};
				};
			};
			buildConfigurationList = 6FC1E8CF29F1A04900D0EB01 /* Build configuration list for PBXProject "CripticApp" */;
			compatibilityVersion = "Xcode 14.0";
			developmentRegion = en;
			hasScannedForEncodings = 0;
			knownRegions = (
				en,
				Base,
			);
			mainGroup = 6FC1E8CB29F1A04900D0EB01;
			productRefGroup = 6FC1E8D529F1A04900D0EB01 /* Products */;
			projectDirPath = "";
			projectRoot = "";
			targets = (
				6FC1E8D329F1A04900D0EB01 /* CripticApp */,
				6FC1E8E929F1A04C00D0EB01 /* CripticAppTests */,
				6FC1E8F329F1A04C00D0EB01 /* CripticAppUITests */,
			);
		};
/* End PBXProject section */

/* Begin PBXResourcesBuildPhase section */
		6FC1E8D229F1A04900D0EB01 /* Resources */ = {
			isa = PBXResourcesBuildPhase;
			buildActionMask = 2147483647;
			files = (
				6FC1E8E529F1A04B00D0EB01 /* Preview Assets.xcassets in Resources */,
				6FC1E8E129F1A04B00D0EB01 /* Assets.xcassets in Resources */,
			);
			runOnlyForDeploymentPostprocessing = 0;
		};
		6FC1E8E829F1A04C00D0EB01 /* Resources */ = {
			isa = PBXResourcesBuildPhase;
			buildActionMask = 2147483647;
			files = (
			);
			runOnlyForDeploymentPostprocessing = 0;
		};
		6FC1E8F229F1A04C00D0EB01 /* Resources */ = {
			isa = PBXResourcesBuildPhase;
			buildActionMask = 2147483647;
			files = (
			);
			runOnlyForDeploymentPostprocessing = 0;
		};
/* End PBXResourcesBuildPhase section */

/* Begin PBXSourcesBuildPhase section */
		6FC1E8D029F1A04900D0EB01 /* Sources */ = {
			isa = PBXSourcesBuildPhase;
			buildActionMask = 2147483647;
			files = (
				6FC1E8D829F1A04900D0EB01 /* CripticAppApp.swift in Sources */,
				6FC1E8DA29F1A04900D0EB01 /* Persistence.swift in Sources */,
				6FC1E8DF29F1A04900D0EB01 /* ContentView.swift in Sources */,
				6FC1E8DD29F1A04900D0EB01 /* CripticApp.xcdatamodeld in Sources */,
			);
			runOnlyForDeploymentPostprocessing = 0;
		};
		6FC1E8E629F1A04C00D0EB01 /* Sources */ = {
			isa = PBXSourcesBuildPhase;
			buildActionMask = 2147483647;
			files = (
				6FC1E8EF29F1A04C00D0EB01 /* CripticAppTests.swift in Sources */,
			);
			runOnlyForDeploymentPostprocessing = 0;
		};
		6FC1E8F029F1A04C00D0EB01 /* Sources */ = {
			isa = PBXSourcesBuildPhase;
			buildActionMask = 2147483647;
			files = (
				6FC1E8F929F1A04C00D0EB01 /* CripticAppUITests.swift in Sources */,
				6FC1E8FB29F1A04C00D0EB01 /* CripticAppUITestsLaunchTests.swift in Sources */,
			);
			runOnlyForDeploymentPostprocessing = 0;
		};
/* End PBXSourcesBuildPhase section */

/* Begin PBXTargetDependency section */
		6FC1E8EC29F1A04C00D0EB01 /* PBXTargetDependency */ = {
			isa = PBXTargetDependency;
			target = 6FC1E8D329F1A04900D0EB01 /* CripticApp */;
			targetProxy = 6FC1E8EB29F1A04C00D0EB01 /* PBXContainerItemProxy */;
		};
		6FC1E8F629F1A04C00D0EB01 /* PBXTargetDependency */ = {
			isa = PBXTargetDependency;
			target = 6FC1E8D329F1A04900D0EB01 /* CripticApp */;
			targetProxy = 6FC1E8F529F1A04C00D0EB01 /* PBXContainerItemProxy */;
		};
/* End PBXTargetDependency section */

/* Begin XCBuildConfiguration section */
		6FC1E8FC29F1A04C00D0EB01 /* Debug */ = {
			isa = XCBuildConfiguration;
			buildSettings = {
				ALWAYS_SEARCH_USER_PATHS = NO;
				CLANG_ANALYZER_NONNULL = YES;
				CLANG_ANALYZER_NUMBER_OBJECT_CONVERSION = YES_AGGRESSIVE;
				CLANG_CXX_LANGUAGE_STANDARD = "gnu++20";
				CLANG_ENABLE_MODULES = YES;
				CLANG_ENABLE_OBJC_ARC = YES;
				CLANG_ENABLE_OBJC_WEAK = YES;
				CLANG_WARN_BLOCK_CAPTURE_AUTORELEASING = YES;
				CLANG_WARN_BOOL_CONVERSION = YES;
				CLANG_WARN_COMMA = YES;
				CLANG_WARN_CONSTANT_CONVERSION = YES;
				CLANG_WARN_DEPRECATED_OBJC_IMPLEMENTATIONS = YES;
				CLANG_WARN_DIRECT_OBJC_ISA_USAGE = YES_ERROR;
				CLANG_WARN_DOCUMENTATION_COMMENTS = YES;
				CLANG_WARN_EMPTY_BODY = YES;
				CLANG_WARN_ENUM_CONVERSION = YES;
				CLANG_WARN_INFINITE_RECURSION = YES;
				CLANG_WARN_INT_CONVERSION = YES;
				CLANG_WARN_NON_LITERAL_NULL_CONVERSION = YES;
				CLANG_WARN_OBJC_IMPLICIT_RETAIN_SELF = YES;
				CLANG_WARN_OBJC_LITERAL_CONVERSION = YES;
				CLANG_WARN_OBJC_ROOT_CLASS = YES_ERROR;
				CLANG_WARN_QUOTED_INCLUDE_IN_FRAMEWORK_HEADER = YES;
				CLANG_WARN_RANGE_LOOP_ANALYSIS = YES;
				CLANG_WARN_STRICT_PROTOTYPES = YES;
				CLANG_WARN_SUSPICIOUS_MOVE = YES;
				CLANG_WARN_UNGUARDED_AVAILABILITY = YES_AGGRESSIVE;
				CLANG_WARN_UNREACHABLE_CODE = YES;
				CLANG_WARN__DUPLICATE_METHOD_MATCH = YES;
				COPY_PHASE_STRIP = NO;
				DEBUG_INFORMATION_FORMAT = dwarf;
				ENABLE_STRICT_OBJC_MSGSEND = YES;
				ENABLE_TESTABILITY = YES;
				GCC_C_LANGUAGE_STANDARD = gnu11;
				GCC_DYNAMIC_NO_PIC = NO;
				GCC_NO_COMMON_BLOCKS = YES;
				GCC_OPTIMIZATION_LEVEL = 0;
				GCC_PREPROCESSOR_DEFINITIONS = (
					"DEBUG=1",
					"$(inherited)",
				);
				GCC_WARN_64_TO_32_BIT_CONVERSION = YES;
				GCC_WARN_ABOUT_RETURN_TYPE = YES_ERROR;
				GCC_WARN_UNDECLARED_SELECTOR = YES;
				GCC_WARN_UNINITIALIZED_AUTOS = YES_AGGRESSIVE;
				GCC_WARN_UNUSED_FUNCTION = YES;
				GCC_WARN_UNUSED_VARIABLE = YES;
				MTL_ENABLE_DEBUG_INFO = INCLUDE_SOURCE;
				MTL_FAST_MATH = YES;
				ONLY_ACTIVE_ARCH = YES;
				SWIFT_ACTIVE_COMPILATION_CONDITIONS = DEBUG;
				SWIFT_OPTIMIZATION_LEVEL = "-Onone";
			};
			name = Debug;
		};
		6FC1E8FD29F1A04C00D0EB01 /* Release */ = {
			isa = XCBuildConfiguration;
			buildSettings = {
				ALWAYS_SEARCH_USER_PATHS = NO;
				CLANG_ANALYZER_NONNULL = YES;
				CLANG_ANALYZER_NUMBER_OBJECT_CONVERSION = YES_AGGRESSIVE;
				CLANG_CXX_LANGUAGE_STANDARD = "gnu++20";
				CLANG_ENABLE_MODULES = YES;
				CLANG_ENABLE_OBJC_ARC = YES;
				CLANG_ENABLE_OBJC_WEAK = YES;
				CLANG_WARN_BLOCK_CAPTURE_AUTORELEASING = YES;
				CLANG_WARN_BOOL_CONVERSION = YES;
				CLANG_WARN_COMMA = YES;
				CLANG_WARN_CONSTANT_CONVERSION = YES;
				CLANG_WARN_DEPRECATED_OBJC_IMPLEMENTATIONS = YES;
				CLANG_WARN_DIRECT_OBJC_ISA_USAGE = YES_ERROR;
				CLANG_WARN_DOCUMENTATION_COMMENTS = YES;
				CLANG_WARN_EMPTY_BODY = YES;
				CLANG_WARN_ENUM_CONVERSION = YES;
				CLANG_WARN_INFINITE_RECURSION = YES;
				CLANG_WARN_INT_CONVERSION = YES;
				CLANG_WARN_NON_LITERAL_NULL_CONVERSION = YES;
				CLANG_WARN_OBJC_IMPLICIT_RETAIN_SELF = YES;
				CLANG_WARN_OBJC_LITERAL_CONVERSION = YES;
				CLANG_WARN_OBJC_ROOT_CLASS = YES_ERROR;
				CLANG_WARN_QUOTED_INCLUDE_IN_FRAMEWORK_HEADER = YES;
				CLANG_WARN_RANGE_LOOP_ANALYSIS = YES;
				CLANG_WARN_STRICT_PROTOTYPES = YES;
				CLANG_WARN_SUSPICIOUS_MOVE = YES;
				CLANG_WARN_UNGUARDED_AVAILABILITY = YES_AGGRESSIVE;
				CLANG_WARN_UNREACHABLE_CODE = YES;
				CLANG_WARN__DUPLICATE_METHOD_MATCH = YES;
				COPY_PHASE_STRIP = NO;
				DEBUG_INFORMATION_FORMAT = "dwarf-with-dsym";
				ENABLE_NS_ASSERTIONS = NO;
				ENABLE_STRICT_OBJC_MSGSEND = YES;
				GCC_C_LANGUAGE_STANDARD = gnu11;
				GCC_NO_COMMON_BLOCKS = YES;
				GCC_WARN_64_TO_32_BIT_CONVERSION = YES;
				GCC_WARN_ABOUT_RETURN_TYPE = YES_ERROR;
				GCC_WARN_UNDECLARED_SELECTOR = YES;
				GCC_WARN_UNINITIALIZED_AUTOS = YES_AGGRESSIVE;
				GCC_WARN_UNUSED_FUNCTION = YES;
				GCC_WARN_UNUSED_VARIABLE = YES;
				MTL_ENABLE_DEBUG_INFO = NO;
				MTL_FAST_MATH = YES;
				SWIFT_COMPILATION_MODE = wholemodule;
				SWIFT_OPTIMIZATION_LEVEL = "-O";
			};
			name = Release;
		};
		6FC1E8FF29F1A04C00D0EB01 /* Debug */ = {
			isa = XCBuildConfiguration;
			buildSettings = {
				ASSETCATALOG_COMPILER_APPICON_NAME = AppIcon;
				ASSETCATALOG_COMPILER_GLOBAL_ACCENT_COLOR_NAME = AccentColor;
				CODE_SIGN_ENTITLEMENTS = CripticApp/CripticApp.entitlements;
				CODE_SIGN_STYLE = Automatic;
				CURRENT_PROJECT_VERSION = 1;
				DEVELOPMENT_ASSET_PATHS = "\"CripticApp/Preview Content\"";
				DEVELOPMENT_TEAM = K328B98U3F;
				ENABLE_HARDENED_RUNTIME = YES;
				ENABLE_PREVIEWS = YES;
				GENERATE_INFOPLIST_FILE = YES;
				"INFOPLIST_KEY_UIApplicationSceneManifest_Generation[sdk=iphoneos*]" = YES;
				"INFOPLIST_KEY_UIApplicationSceneManifest_Generation[sdk=iphonesimulator*]" = YES;
				"INFOPLIST_KEY_UIApplicationSupportsIndirectInputEvents[sdk=iphoneos*]" = YES;
				"INFOPLIST_KEY_UIApplicationSupportsIndirectInputEvents[sdk=iphonesimulator*]" = YES;
				"INFOPLIST_KEY_UILaunchScreen_Generation[sdk=iphoneos*]" = YES;
				"INFOPLIST_KEY_UILaunchScreen_Generation[sdk=iphonesimulator*]" = YES;
				"INFOPLIST_KEY_UIStatusBarStyle[sdk=iphoneos*]" = UIStatusBarStyleDefault;
				"INFOPLIST_KEY_UIStatusBarStyle[sdk=iphonesimulator*]" = UIStatusBarStyleDefault;
				INFOPLIST_KEY_UISupportedInterfaceOrientations_iPad = "UIInterfaceOrientationPortrait UIInterfaceOrientationPortraitUpsideDown UIInterfaceOrientationLandscapeLeft UIInterfaceOrientationLandscapeRight";
				INFOPLIST_KEY_UISupportedInterfaceOrientations_iPhone = "UIInterfaceOrientationPortrait UIInterfaceOrientationLandscapeLeft UIInterfaceOrientationLandscapeRight";
				IPHONEOS_DEPLOYMENT_TARGET = 16.4;
				LD_RUNPATH_SEARCH_PATHS = "@executable_path/Frameworks";
				"LD_RUNPATH_SEARCH_PATHS[sdk=macosx*]" = "@executable_path/../Frameworks";
				MACOSX_DEPLOYMENT_TARGET = 13.3;
				MARKETING_VERSION = 1.0;
				PRODUCT_BUNDLE_IDENTIFIER = com.luizaraujo.practices.CripticApp;
				PRODUCT_NAME = "$(TARGET_NAME)";
				SDKROOT = auto;
				SUPPORTED_PLATFORMS = "iphoneos iphonesimulator macosx";
				SWIFT_EMIT_LOC_STRINGS = YES;
				SWIFT_VERSION = 5.0;
				TARGETED_DEVICE_FAMILY = "1,2";
			};
			name = Debug;
		};
		6FC1E90029F1A04C00D0EB01 /* Release */ = {
			isa = XCBuildConfiguration;
			buildSettings = {
				ASSETCATALOG_COMPILER_APPICON_NAME = AppIcon;
				ASSETCATALOG_COMPILER_GLOBAL_ACCENT_COLOR_NAME = AccentColor;
				CODE_SIGN_ENTITLEMENTS = CripticApp/CripticApp.entitlements;
				CODE_SIGN_STYLE = Automatic;
				CURRENT_PROJECT_VERSION = 1;
				DEVELOPMENT_ASSET_PATHS = "\"CripticApp/Preview Content\"";
				DEVELOPMENT_TEAM = K328B98U3F;
				ENABLE_HARDENED_RUNTIME = YES;
				ENABLE_PREVIEWS = YES;
				GENERATE_INFOPLIST_FILE = YES;
				"INFOPLIST_KEY_UIApplicationSceneManifest_Generation[sdk=iphoneos*]" = YES;
				"INFOPLIST_KEY_UIApplicationSceneManifest_Generation[sdk=iphonesimulator*]" = YES;
				"INFOPLIST_KEY_UIApplicationSupportsIndirectInputEvents[sdk=iphoneos*]" = YES;
				"INFOPLIST_KEY_UIApplicationSupportsIndirectInputEvents[sdk=iphonesimulator*]" = YES;
				"INFOPLIST_KEY_UILaunchScreen_Generation[sdk=iphoneos*]" = YES;
				"INFOPLIST_KEY_UILaunchScreen_Generation[sdk=iphonesimulator*]" = YES;
				"INFOPLIST_KEY_UIStatusBarStyle[sdk=iphoneos*]" = UIStatusBarStyleDefault;
				"INFOPLIST_KEY_UIStatusBarStyle[sdk=iphonesimulator*]" = UIStatusBarStyleDefault;
				INFOPLIST_KEY_UISupportedInterfaceOrientations_iPad = "UIInterfaceOrientationPortrait UIInterfaceOrientationPortraitUpsideDown UIInterfaceOrientationLandscapeLeft UIInterfaceOrientationLandscapeRight";
				INFOPLIST_KEY_UISupportedInterfaceOrientations_iPhone = "UIInterfaceOrientationPortrait UIInterfaceOrientationLandscapeLeft UIInterfaceOrientationLandscapeRight";
				IPHONEOS_DEPLOYMENT_TARGET = 16.4;
				LD_RUNPATH_SEARCH_PATHS = "@executable_path/Frameworks";
				"LD_RUNPATH_SEARCH_PATHS[sdk=macosx*]" = "@executable_path/../Frameworks";
				MACOSX_DEPLOYMENT_TARGET = 13.3;
				MARKETING_VERSION = 1.0;
				PRODUCT_BUNDLE_IDENTIFIER = com.luizaraujo.practices.CripticApp;
				PRODUCT_NAME = "$(TARGET_NAME)";
				SDKROOT = auto;
				SUPPORTED_PLATFORMS = "iphoneos iphonesimulator macosx";
				SWIFT_EMIT_LOC_STRINGS = YES;
				SWIFT_VERSION = 5.0;
				TARGETED_DEVICE_FAMILY = "1,2";
			};
			name = Release;
		};
		6FC1E90229F1A04C00D0EB01 /* Debug */ = {
			isa = XCBuildConfiguration;
			buildSettings = {
				ALWAYS_EMBED_SWIFT_STANDARD_LIBRARIES = YES;
				BUNDLE_LOADER = "$(TEST_HOST)";
				CODE_SIGN_STYLE = Automatic;
				CURRENT_PROJECT_VERSION = 1;
				DEVELOPMENT_TEAM = K328B98U3F;
				GENERATE_INFOPLIST_FILE = YES;
				IPHONEOS_DEPLOYMENT_TARGET = 16.4;
				MACOSX_DEPLOYMENT_TARGET = 13.3;
				MARKETING_VERSION = 1.0;
				PRODUCT_BUNDLE_IDENTIFIER = com.luizaraujo.practices.CripticAppTests;
				PRODUCT_NAME = "$(TARGET_NAME)";
				SDKROOT = auto;
				SUPPORTED_PLATFORMS = "iphoneos iphonesimulator macosx";
				SWIFT_EMIT_LOC_STRINGS = NO;
				SWIFT_VERSION = 5.0;
				TARGETED_DEVICE_FAMILY = "1,2";
				TEST_HOST = "$(BUILT_PRODUCTS_DIR)/CripticApp.app/$(BUNDLE_EXECUTABLE_FOLDER_PATH)/CripticApp";
			};
			name = Debug;
		};
		6FC1E90329F1A04C00D0EB01 /* Release */ = {
			isa = XCBuildConfiguration;
			buildSettings = {
				ALWAYS_EMBED_SWIFT_STANDARD_LIBRARIES = YES;
				BUNDLE_LOADER = "$(TEST_HOST)";
				CODE_SIGN_STYLE = Automatic;
				CURRENT_PROJECT_VERSION = 1;
				DEVELOPMENT_TEAM = K328B98U3F;
				GENERATE_INFOPLIST_FILE = YES;
				IPHONEOS_DEPLOYMENT_TARGET = 16.4;
				MACOSX_DEPLOYMENT_TARGET = 13.3;
				MARKETING_VERSION = 1.0;
				PRODUCT_BUNDLE_IDENTIFIER = com.luizaraujo.practices.CripticAppTests;
				PRODUCT_NAME = "$(TARGET_NAME)";
				SDKROOT = auto;
				SUPPORTED_PLATFORMS = "iphoneos iphonesimulator macosx";
				SWIFT_EMIT_LOC_STRINGS = NO;
				SWIFT_VERSION = 5.0;
				TARGETED_DEVICE_FAMILY = "1,2";
				TEST_HOST = "$(BUILT_PRODUCTS_DIR)/CripticApp.app/$(BUNDLE_EXECUTABLE_FOLDER_PATH)/CripticApp";
			};
			name = Release;
		};
		6FC1E90529F1A04C00D0EB01 /* Debug */ = {
			isa = XCBuildConfiguration;
			buildSettings = {
				ALWAYS_EMBED_SWIFT_STANDARD_LIBRARIES = YES;
				CODE_SIGN_STYLE = Automatic;
				CURRENT_PROJECT_VERSION = 1;
				DEVELOPMENT_TEAM = K328B98U3F;
				GENERATE_INFOPLIST_FILE = YES;
				IPHONEOS_DEPLOYMENT_TARGET = 16.4;
				MACOSX_DEPLOYMENT_TARGET = 13.3;
				MARKETING_VERSION = 1.0;
				PRODUCT_BUNDLE_IDENTIFIER = com.luizaraujo.practices.CripticAppUITests;
				PRODUCT_NAME = "$(TARGET_NAME)";
				SDKROOT = auto;
				SUPPORTED_PLATFORMS = "iphoneos iphonesimulator macosx";
				SWIFT_EMIT_LOC_STRINGS = NO;
				SWIFT_VERSION = 5.0;
				TARGETED_DEVICE_FAMILY = "1,2";
				TEST_TARGET_NAME = CripticApp;
			};
			name = Debug;
		};
		6FC1E90629F1A04C00D0EB01 /* Release */ = {
			isa = XCBuildConfiguration;
			buildSettings = {
				ALWAYS_EMBED_SWIFT_STANDARD_LIBRARIES = YES;
				CODE_SIGN_STYLE = Automatic;
				CURRENT_PROJECT_VERSION = 1;
				DEVELOPMENT_TEAM = K328B98U3F;
				GENERATE_INFOPLIST_FILE = YES;
				IPHONEOS_DEPLOYMENT_TARGET = 16.4;
				MACOSX_DEPLOYMENT_TARGET = 13.3;
				MARKETING_VERSION = 1.0;
				PRODUCT_BUNDLE_IDENTIFIER = com.luizaraujo.practices.CripticAppUITests;
				PRODUCT_NAME = "$(TARGET_NAME)";
				SDKROOT = auto;
				SUPPORTED_PLATFORMS = "iphoneos iphonesimulator macosx";
				SWIFT_EMIT_LOC_STRINGS = NO;
				SWIFT_VERSION = 5.0;
				TARGETED_DEVICE_FAMILY = "1,2";
				TEST_TARGET_NAME = CripticApp;
			};
			name = Release;
		};
/* End XCBuildConfiguration section */

/* Begin XCConfigurationList section */
		6FC1E8CF29F1A04900D0EB01 /* Build configuration list for PBXProject "CripticApp" */ = {
			isa = XCConfigurationList;
			buildConfigurations = (
				6FC1E8FC29F1A04C00D0EB01 /* Debug */,
				6FC1E8FD29F1A04C00D0EB01 /* Release */,
			);
			defaultConfigurationIsVisible = 0;
			defaultConfigurationName = Release;
		};
		6FC1E8FE29F1A04C00D0EB01 /* Build configuration list for PBXNativeTarget "CripticApp" */ = {
			isa = XCConfigurationList;
			buildConfigurations = (
				6FC1E8FF29F1A04C00D0EB01 /* Debug */,
				6FC1E90029F1A04C00D0EB01 /* Release */,
			);
			defaultConfigurationIsVisible = 0;
			defaultConfigurationName = Release;
		};
		6FC1E90129F1A04C00D0EB01 /* Build configuration list for PBXNativeTarget "CripticAppTests" */ = {
			isa = XCConfigurationList;
			buildConfigurations = (
				6FC1E90229F1A04C00D0EB01 /* Debug */,
				6FC1E90329F1A04C00D0EB01 /* Release */,
			);
			defaultConfigurationIsVisible = 0;
			defaultConfigurationName = Release;
		};
		6FC1E90429F1A04C00D0EB01 /* Build configuration list for PBXNativeTarget "CripticAppUITests" */ = {
			isa = XCConfigurationList;
			buildConfigurations = (
				6FC1E90529F1A04C00D0EB01 /* Debug */,
				6FC1E90629F1A04C00D0EB01 /* Release */,
			);
			defaultConfigurationIsVisible = 0;
			defaultConfigurationName = Release;
		};
/* End XCConfigurationList section */

/* Begin XCVersionGroup section */
		6FC1E8DB29F1A04900D0EB01 /* CripticApp.xcdatamodeld */ = {
			isa = XCVersionGroup;
			children = (
				6FC1E8DC29F1A04900D0EB01 /* CripticApp.xcdatamodel */,
			);
			currentVersion = 6FC1E8DC29F1A04900D0EB01 /* CripticApp.xcdatamodel */;
			path = CripticApp.xcdatamodeld;
			sourceTree = "<group>";
			versionGroupType = wrapper.xcdatamodel;
		};
/* End XCVersionGroup section */
	};
	rootObject = 6FC1E8CC29F1A04900D0EB01 /* Project object */;
}
