// !$*UTF8*$!
{
	archiveVersion = 1;
	classes = {
	};
	objectVersion = 56;
	objects = {

/* Begin PBXBuildFile section */
		6FB43FB8296E3F6200BC5F57 /* CarroCeuApp.swift in Sources */ = {isa = PBXBuildFile; fileRef = 6FB43FB7296E3F6200BC5F57 /* CarroCeuApp.swift */; };
		6FB43FBA296E3F6200BC5F57 /* ContentView.swift in Sources */ = {isa = PBXBuildFile; fileRef = 6FB43FB9296E3F6200BC5F57 /* ContentView.swift */; };
		6FB43FBC296E3F6400BC5F57 /* Assets.xcassets in Resources */ = {isa = PBXBuildFile; fileRef = 6FB43FBB296E3F6400BC5F57 /* Assets.xcassets */; };
		6FB43FC0296E3F6400BC5F57 /* Preview Assets.xcassets in Resources */ = {isa = PBXBuildFile; fileRef = 6FB43FBF296E3F6400BC5F57 /* Preview Assets.xcassets */; };
		6FB43FCA296E3F6400BC5F57 /* CarroCeuTests.swift in Sources */ = {isa = PBXBuildFile; fileRef = 6FB43FC9296E3F6400BC5F57 /* CarroCeuTests.swift */; };
		6FB43FD4296E3F6400BC5F57 /* CarroCeuUITests.swift in Sources */ = {isa = PBXBuildFile; fileRef = 6FB43FD3296E3F6400BC5F57 /* CarroCeuUITests.swift */; };
		6FB43FD6296E3F6400BC5F57 /* CarroCeuUITestsLaunchTests.swift in Sources */ = {isa = PBXBuildFile; fileRef = 6FB43FD5296E3F6400BC5F57 /* CarroCeuUITestsLaunchTests.swift */; };
/* End PBXBuildFile section */

/* Begin PBXContainerItemProxy section */
		6FB43FC6296E3F6400BC5F57 /* PBXContainerItemProxy */ = {
			isa = PBXContainerItemProxy;
			containerPortal = 6FB43FAC296E3F6200BC5F57 /* Project object */;
			proxyType = 1;
			remoteGlobalIDString = 6FB43FB3296E3F6200BC5F57;
			remoteInfo = CarroCeu;
		};
		6FB43FD0296E3F6400BC5F57 /* PBXContainerItemProxy */ = {
			isa = PBXContainerItemProxy;
			containerPortal = 6FB43FAC296E3F6200BC5F57 /* Project object */;
			proxyType = 1;
			remoteGlobalIDString = 6FB43FB3296E3F6200BC5F57;
			remoteInfo = CarroCeu;
		};
/* End PBXContainerItemProxy section */

/* Begin PBXFileReference section */
		6FB43FB4296E3F6200BC5F57 /* CarroCeu.app */ = {isa = PBXFileReference; explicitFileType = wrapper.application; includeInIndex = 0; path = CarroCeu.app; sourceTree = BUILT_PRODUCTS_DIR; };
		6FB43FB7296E3F6200BC5F57 /* CarroCeuApp.swift */ = {isa = PBXFileReference; lastKnownFileType = sourcecode.swift; path = CarroCeuApp.swift; sourceTree = "<group>"; };
		6FB43FB9296E3F6200BC5F57 /* ContentView.swift */ = {isa = PBXFileReference; lastKnownFileType = sourcecode.swift; path = ContentView.swift; sourceTree = "<group>"; };
		6FB43FBB296E3F6400BC5F57 /* Assets.xcassets */ = {isa = PBXFileReference; lastKnownFileType = folder.assetcatalog; path = Assets.xcassets; sourceTree = "<group>"; };
		6FB43FBD296E3F6400BC5F57 /* CarroCeu.entitlements */ = {isa = PBXFileReference; lastKnownFileType = text.plist.entitlements; path = CarroCeu.entitlements; sourceTree = "<group>"; };
		6FB43FBF296E3F6400BC5F57 /* Preview Assets.xcassets */ = {isa = PBXFileReference; lastKnownFileType = folder.assetcatalog; path = "Preview Assets.xcassets"; sourceTree = "<group>"; };
		6FB43FC5296E3F6400BC5F57 /* CarroCeuTests.xctest */ = {isa = PBXFileReference; explicitFileType = wrapper.cfbundle; includeInIndex = 0; path = CarroCeuTests.xctest; sourceTree = BUILT_PRODUCTS_DIR; };
		6FB43FC9296E3F6400BC5F57 /* CarroCeuTests.swift */ = {isa = PBXFileReference; lastKnownFileType = sourcecode.swift; path = CarroCeuTests.swift; sourceTree = "<group>"; };
		6FB43FCF296E3F6400BC5F57 /* CarroCeuUITests.xctest */ = {isa = PBXFileReference; explicitFileType = wrapper.cfbundle; includeInIndex = 0; path = CarroCeuUITests.xctest; sourceTree = BUILT_PRODUCTS_DIR; };
		6FB43FD3296E3F6400BC5F57 /* CarroCeuUITests.swift */ = {isa = PBXFileReference; lastKnownFileType = sourcecode.swift; path = CarroCeuUITests.swift; sourceTree = "<group>"; };
		6FB43FD5296E3F6400BC5F57 /* CarroCeuUITestsLaunchTests.swift */ = {isa = PBXFileReference; lastKnownFileType = sourcecode.swift; path = CarroCeuUITestsLaunchTests.swift; sourceTree = "<group>"; };
/* End PBXFileReference section */

/* Begin PBXFrameworksBuildPhase section */
		6FB43FB1296E3F6200BC5F57 /* Frameworks */ = {
			isa = PBXFrameworksBuildPhase;
			buildActionMask = 2147483647;
			files = (
			);
			runOnlyForDeploymentPostprocessing = 0;
		};
		6FB43FC2296E3F6400BC5F57 /* Frameworks */ = {
			isa = PBXFrameworksBuildPhase;
			buildActionMask = 2147483647;
			files = (
			);
			runOnlyForDeploymentPostprocessing = 0;
		};
		6FB43FCC296E3F6400BC5F57 /* Frameworks */ = {
			isa = PBXFrameworksBuildPhase;
			buildActionMask = 2147483647;
			files = (
			);
			runOnlyForDeploymentPostprocessing = 0;
		};
/* End PBXFrameworksBuildPhase section */

/* Begin PBXGroup section */
		6FB43FAB296E3F6200BC5F57 = {
			isa = PBXGroup;
			children = (
				6FB43FB6296E3F6200BC5F57 /* CarroCeu */,
				6FB43FC8296E3F6400BC5F57 /* CarroCeuTests */,
				6FB43FD2296E3F6400BC5F57 /* CarroCeuUITests */,
				6FB43FB5296E3F6200BC5F57 /* Products */,
			);
			sourceTree = "<group>";
		};
		6FB43FB5296E3F6200BC5F57 /* Products */ = {
			isa = PBXGroup;
			children = (
				6FB43FB4296E3F6200BC5F57 /* CarroCeu.app */,
				6FB43FC5296E3F6400BC5F57 /* CarroCeuTests.xctest */,
				6FB43FCF296E3F6400BC5F57 /* CarroCeuUITests.xctest */,
			);
			name = Products;
			sourceTree = "<group>";
		};
		6FB43FB6296E3F6200BC5F57 /* CarroCeu */ = {
			isa = PBXGroup;
			children = (
				6FB43FB7296E3F6200BC5F57 /* CarroCeuApp.swift */,
				6FB43FB9296E3F6200BC5F57 /* ContentView.swift */,
				6FB43FBB296E3F6400BC5F57 /* Assets.xcassets */,
				6FB43FBD296E3F6400BC5F57 /* CarroCeu.entitlements */,
				6FB43FBE296E3F6400BC5F57 /* Preview Content */,
			);
			path = CarroCeu;
			sourceTree = "<group>";
		};
		6FB43FBE296E3F6400BC5F57 /* Preview Content */ = {
			isa = PBXGroup;
			children = (
				6FB43FBF296E3F6400BC5F57 /* Preview Assets.xcassets */,
			);
			path = "Preview Content";
			sourceTree = "<group>";
		};
		6FB43FC8296E3F6400BC5F57 /* CarroCeuTests */ = {
			isa = PBXGroup;
			children = (
				6FB43FC9296E3F6400BC5F57 /* CarroCeuTests.swift */,
			);
			path = CarroCeuTests;
			sourceTree = "<group>";
		};
		6FB43FD2296E3F6400BC5F57 /* CarroCeuUITests */ = {
			isa = PBXGroup;
			children = (
				6FB43FD3296E3F6400BC5F57 /* CarroCeuUITests.swift */,
				6FB43FD5296E3F6400BC5F57 /* CarroCeuUITestsLaunchTests.swift */,
			);
			path = CarroCeuUITests;
			sourceTree = "<group>";
		};
/* End PBXGroup section */

/* Begin PBXNativeTarget section */
		6FB43FB3296E3F6200BC5F57 /* CarroCeu */ = {
			isa = PBXNativeTarget;
			buildConfigurationList = 6FB43FD9296E3F6400BC5F57 /* Build configuration list for PBXNativeTarget "CarroCeu" */;
			buildPhases = (
				6FB43FB0296E3F6200BC5F57 /* Sources */,
				6FB43FB1296E3F6200BC5F57 /* Frameworks */,
				6FB43FB2296E3F6200BC5F57 /* Resources */,
			);
			buildRules = (
			);
			dependencies = (
			);
			name = CarroCeu;
			productName = CarroCeu;
			productReference = 6FB43FB4296E3F6200BC5F57 /* CarroCeu.app */;
			productType = "com.apple.product-type.application";
		};
		6FB43FC4296E3F6400BC5F57 /* CarroCeuTests */ = {
			isa = PBXNativeTarget;
			buildConfigurationList = 6FB43FDC296E3F6400BC5F57 /* Build configuration list for PBXNativeTarget "CarroCeuTests" */;
			buildPhases = (
				6FB43FC1296E3F6400BC5F57 /* Sources */,
				6FB43FC2296E3F6400BC5F57 /* Frameworks */,
				6FB43FC3296E3F6400BC5F57 /* Resources */,
			);
			buildRules = (
			);
			dependencies = (
				6FB43FC7296E3F6400BC5F57 /* PBXTargetDependency */,
			);
			name = CarroCeuTests;
			productName = CarroCeuTests;
			productReference = 6FB43FC5296E3F6400BC5F57 /* CarroCeuTests.xctest */;
			productType = "com.apple.product-type.bundle.unit-test";
		};
		6FB43FCE296E3F6400BC5F57 /* CarroCeuUITests */ = {
			isa = PBXNativeTarget;
			buildConfigurationList = 6FB43FDF296E3F6400BC5F57 /* Build configuration list for PBXNativeTarget "CarroCeuUITests" */;
			buildPhases = (
				6FB43FCB296E3F6400BC5F57 /* Sources */,
				6FB43FCC296E3F6400BC5F57 /* Frameworks */,
				6FB43FCD296E3F6400BC5F57 /* Resources */,
			);
			buildRules = (
			);
			dependencies = (
				6FB43FD1296E3F6400BC5F57 /* PBXTargetDependency */,
			);
			name = CarroCeuUITests;
			productName = CarroCeuUITests;
			productReference = 6FB43FCF296E3F6400BC5F57 /* CarroCeuUITests.xctest */;
			productType = "com.apple.product-type.bundle.ui-testing";
		};
/* End PBXNativeTarget section */

/* Begin PBXProject section */
		6FB43FAC296E3F6200BC5F57 /* Project object */ = {
			isa = PBXProject;
			attributes = {
				BuildIndependentTargetsInParallel = 1;
				LastSwiftUpdateCheck = 1420;
				LastUpgradeCheck = 1420;
				TargetAttributes = {
					6FB43FB3296E3F6200BC5F57 = {
						CreatedOnToolsVersion = 14.2;
					};
					6FB43FC4296E3F6400BC5F57 = {
						CreatedOnToolsVersion = 14.2;
						TestTargetID = 6FB43FB3296E3F6200BC5F57;
					};
					6FB43FCE296E3F6400BC5F57 = {
						CreatedOnToolsVersion = 14.2;
						TestTargetID = 6FB43FB3296E3F6200BC5F57;
					};
				};
			};
			buildConfigurationList = 6FB43FAF296E3F6200BC5F57 /* Build configuration list for PBXProject "CarroCeu" */;
			compatibilityVersion = "Xcode 14.0";
			developmentRegion = en;
			hasScannedForEncodings = 0;
			knownRegions = (
				en,
				Base,
			);
			mainGroup = 6FB43FAB296E3F6200BC5F57;
			productRefGroup = 6FB43FB5296E3F6200BC5F57 /* Products */;
			projectDirPath = "";
			projectRoot = "";
			targets = (
				6FB43FB3296E3F6200BC5F57 /* CarroCeu */,
				6FB43FC4296E3F6400BC5F57 /* CarroCeuTests */,
				6FB43FCE296E3F6400BC5F57 /* CarroCeuUITests */,
			);
		};
/* End PBXProject section */

/* Begin PBXResourcesBuildPhase section */
		6FB43FB2296E3F6200BC5F57 /* Resources */ = {
			isa = PBXResourcesBuildPhase;
			buildActionMask = 2147483647;
			files = (
				6FB43FC0296E3F6400BC5F57 /* Preview Assets.xcassets in Resources */,
				6FB43FBC296E3F6400BC5F57 /* Assets.xcassets in Resources */,
			);
			runOnlyForDeploymentPostprocessing = 0;
		};
		6FB43FC3296E3F6400BC5F57 /* Resources */ = {
			isa = PBXResourcesBuildPhase;
			buildActionMask = 2147483647;
			files = (
			);
			runOnlyForDeploymentPostprocessing = 0;
		};
		6FB43FCD296E3F6400BC5F57 /* Resources */ = {
			isa = PBXResourcesBuildPhase;
			buildActionMask = 2147483647;
			files = (
			);
			runOnlyForDeploymentPostprocessing = 0;
		};
/* End PBXResourcesBuildPhase section */

/* Begin PBXSourcesBuildPhase section */
		6FB43FB0296E3F6200BC5F57 /* Sources */ = {
			isa = PBXSourcesBuildPhase;
			buildActionMask = 2147483647;
			files = (
				6FB43FBA296E3F6200BC5F57 /* ContentView.swift in Sources */,
				6FB43FB8296E3F6200BC5F57 /* CarroCeuApp.swift in Sources */,
			);
			runOnlyForDeploymentPostprocessing = 0;
		};
		6FB43FC1296E3F6400BC5F57 /* Sources */ = {
			isa = PBXSourcesBuildPhase;
			buildActionMask = 2147483647;
			files = (
				6FB43FCA296E3F6400BC5F57 /* CarroCeuTests.swift in Sources */,
			);
			runOnlyForDeploymentPostprocessing = 0;
		};
		6FB43FCB296E3F6400BC5F57 /* Sources */ = {
			isa = PBXSourcesBuildPhase;
			buildActionMask = 2147483647;
			files = (
				6FB43FD6296E3F6400BC5F57 /* CarroCeuUITestsLaunchTests.swift in Sources */,
				6FB43FD4296E3F6400BC5F57 /* CarroCeuUITests.swift in Sources */,
			);
			runOnlyForDeploymentPostprocessing = 0;
		};
/* End PBXSourcesBuildPhase section */

/* Begin PBXTargetDependency section */
		6FB43FC7296E3F6400BC5F57 /* PBXTargetDependency */ = {
			isa = PBXTargetDependency;
			target = 6FB43FB3296E3F6200BC5F57 /* CarroCeu */;
			targetProxy = 6FB43FC6296E3F6400BC5F57 /* PBXContainerItemProxy */;
		};
		6FB43FD1296E3F6400BC5F57 /* PBXTargetDependency */ = {
			isa = PBXTargetDependency;
			target = 6FB43FB3296E3F6200BC5F57 /* CarroCeu */;
			targetProxy = 6FB43FD0296E3F6400BC5F57 /* PBXContainerItemProxy */;
		};
/* End PBXTargetDependency section */

/* Begin XCBuildConfiguration section */
		6FB43FD7296E3F6400BC5F57 /* Debug */ = {
			isa = XCBuildConfiguration;
			buildSettings = {
				ALWAYS_SEARCH_USER_PATHS = NO;
				CLANG_ANALYZER_NONNULL = YES;
				CLANG_ANALYZER_NUMBER_OBJECT_CONVERSION = YES_AGGRESSIVE;
				CLANG_CXX_LANGUAGE_STANDARD = "gnu++20";
				CLANG_ENABLE_MODULES = YES;
				CLANG_ENABLE_OBJC_ARC = YES;
				CLANG_ENABLE_OBJC_WEAK = YES;
				CLANG_WARN_BLOCK_CAPTURE_AUTORELEASING = YES;
				CLANG_WARN_BOOL_CONVERSION = YES;
				CLANG_WARN_COMMA = YES;
				CLANG_WARN_CONSTANT_CONVERSION = YES;
				CLANG_WARN_DEPRECATED_OBJC_IMPLEMENTATIONS = YES;
				CLANG_WARN_DIRECT_OBJC_ISA_USAGE = YES_ERROR;
				CLANG_WARN_DOCUMENTATION_COMMENTS = YES;
				CLANG_WARN_EMPTY_BODY = YES;
				CLANG_WARN_ENUM_CONVERSION = YES;
				CLANG_WARN_INFINITE_RECURSION = YES;
				CLANG_WARN_INT_CONVERSION = YES;
				CLANG_WARN_NON_LITERAL_NULL_CONVERSION = YES;
				CLANG_WARN_OBJC_IMPLICIT_RETAIN_SELF = YES;
				CLANG_WARN_OBJC_LITERAL_CONVERSION = YES;
				CLANG_WARN_OBJC_ROOT_CLASS = YES_ERROR;
				CLANG_WARN_QUOTED_INCLUDE_IN_FRAMEWORK_HEADER = YES;
				CLANG_WARN_RANGE_LOOP_ANALYSIS = YES;
				CLANG_WARN_STRICT_PROTOTYPES = YES;
				CLANG_WARN_SUSPICIOUS_MOVE = YES;
				CLANG_WARN_UNGUARDED_AVAILABILITY = YES_AGGRESSIVE;
				CLANG_WARN_UNREACHABLE_CODE = YES;
				CLANG_WARN__DUPLICATE_METHOD_MATCH = YES;
				COPY_PHASE_STRIP = NO;
				DEBUG_INFORMATION_FORMAT = dwarf;
				ENABLE_STRICT_OBJC_MSGSEND = YES;
				ENABLE_TESTABILITY = YES;
				GCC_C_LANGUAGE_STANDARD = gnu11;
				GCC_DYNAMIC_NO_PIC = NO;
				GCC_NO_COMMON_BLOCKS = YES;
				GCC_OPTIMIZATION_LEVEL = 0;
				GCC_PREPROCESSOR_DEFINITIONS = (
					"DEBUG=1",
					"$(inherited)",
				);
				GCC_WARN_64_TO_32_BIT_CONVERSION = YES;
				GCC_WARN_ABOUT_RETURN_TYPE = YES_ERROR;
				GCC_WARN_UNDECLARED_SELECTOR = YES;
				GCC_WARN_UNINITIALIZED_AUTOS = YES_AGGRESSIVE;
				GCC_WARN_UNUSED_FUNCTION = YES;
				GCC_WARN_UNUSED_VARIABLE = YES;
				MTL_ENABLE_DEBUG_INFO = INCLUDE_SOURCE;
				MTL_FAST_MATH = YES;
				ONLY_ACTIVE_ARCH = YES;
				SWIFT_ACTIVE_COMPILATION_CONDITIONS = DEBUG;
				SWIFT_OPTIMIZATION_LEVEL = "-Onone";
			};
			name = Debug;
		};
		6FB43FD8296E3F6400BC5F57 /* Release */ = {
			isa = XCBuildConfiguration;
			buildSettings = {
				ALWAYS_SEARCH_USER_PATHS = NO;
				CLANG_ANALYZER_NONNULL = YES;
				CLANG_ANALYZER_NUMBER_OBJECT_CONVERSION = YES_AGGRESSIVE;
				CLANG_CXX_LANGUAGE_STANDARD = "gnu++20";
				CLANG_ENABLE_MODULES = YES;
				CLANG_ENABLE_OBJC_ARC = YES;
				CLANG_ENABLE_OBJC_WEAK = YES;
				CLANG_WARN_BLOCK_CAPTURE_AUTORELEASING = YES;
				CLANG_WARN_BOOL_CONVERSION = YES;
				CLANG_WARN_COMMA = YES;
				CLANG_WARN_CONSTANT_CONVERSION = YES;
				CLANG_WARN_DEPRECATED_OBJC_IMPLEMENTATIONS = YES;
				CLANG_WARN_DIRECT_OBJC_ISA_USAGE = YES_ERROR;
				CLANG_WARN_DOCUMENTATION_COMMENTS = YES;
				CLANG_WARN_EMPTY_BODY = YES;
				CLANG_WARN_ENUM_CONVERSION = YES;
				CLANG_WARN_INFINITE_RECURSION = YES;
				CLANG_WARN_INT_CONVERSION = YES;
				CLANG_WARN_NON_LITERAL_NULL_CONVERSION = YES;
				CLANG_WARN_OBJC_IMPLICIT_RETAIN_SELF = YES;
				CLANG_WARN_OBJC_LITERAL_CONVERSION = YES;
				CLANG_WARN_OBJC_ROOT_CLASS = YES_ERROR;
				CLANG_WARN_QUOTED_INCLUDE_IN_FRAMEWORK_HEADER = YES;
				CLANG_WARN_RANGE_LOOP_ANALYSIS = YES;
				CLANG_WARN_STRICT_PROTOTYPES = YES;
				CLANG_WARN_SUSPICIOUS_MOVE = YES;
				CLANG_WARN_UNGUARDED_AVAILABILITY = YES_AGGRESSIVE;
				CLANG_WARN_UNREACHABLE_CODE = YES;
				CLANG_WARN__DUPLICATE_METHOD_MATCH = YES;
				COPY_PHASE_STRIP = NO;
				DEBUG_INFORMATION_FORMAT = "dwarf-with-dsym";
				ENABLE_NS_ASSERTIONS = NO;
				ENABLE_STRICT_OBJC_MSGSEND = YES;
				GCC_C_LANGUAGE_STANDARD = gnu11;
				GCC_NO_COMMON_BLOCKS = YES;
				GCC_WARN_64_TO_32_BIT_CONVERSION = YES;
				GCC_WARN_ABOUT_RETURN_TYPE = YES_ERROR;
				GCC_WARN_UNDECLARED_SELECTOR = YES;
				GCC_WARN_UNINITIALIZED_AUTOS = YES_AGGRESSIVE;
				GCC_WARN_UNUSED_FUNCTION = YES;
				GCC_WARN_UNUSED_VARIABLE = YES;
				MTL_ENABLE_DEBUG_INFO = NO;
				MTL_FAST_MATH = YES;
				SWIFT_COMPILATION_MODE = wholemodule;
				SWIFT_OPTIMIZATION_LEVEL = "-O";
			};
			name = Release;
		};
		6FB43FDA296E3F6400BC5F57 /* Debug */ = {
			isa = XCBuildConfiguration;
			buildSettings = {
				ASSETCATALOG_COMPILER_APPICON_NAME = AppIcon;
				ASSETCATALOG_COMPILER_GLOBAL_ACCENT_COLOR_NAME = AccentColor;
				CODE_SIGN_ENTITLEMENTS = CarroCeu/CarroCeu.entitlements;
				CODE_SIGN_STYLE = Automatic;
				CURRENT_PROJECT_VERSION = 1;
				DEVELOPMENT_ASSET_PATHS = "\"CarroCeu/Preview Content\"";
				DEVELOPMENT_TEAM = K328B98U3F;
				ENABLE_HARDENED_RUNTIME = YES;
				ENABLE_PREVIEWS = YES;
				GENERATE_INFOPLIST_FILE = YES;
				"INFOPLIST_KEY_UIApplicationSceneManifest_Generation[sdk=iphoneos*]" = YES;
				"INFOPLIST_KEY_UIApplicationSceneManifest_Generation[sdk=iphonesimulator*]" = YES;
				"INFOPLIST_KEY_UIApplicationSupportsIndirectInputEvents[sdk=iphoneos*]" = YES;
				"INFOPLIST_KEY_UIApplicationSupportsIndirectInputEvents[sdk=iphonesimulator*]" = YES;
				"INFOPLIST_KEY_UILaunchScreen_Generation[sdk=iphoneos*]" = YES;
				"INFOPLIST_KEY_UILaunchScreen_Generation[sdk=iphonesimulator*]" = YES;
				"INFOPLIST_KEY_UIStatusBarStyle[sdk=iphoneos*]" = UIStatusBarStyleDefault;
				"INFOPLIST_KEY_UIStatusBarStyle[sdk=iphonesimulator*]" = UIStatusBarStyleDefault;
				INFOPLIST_KEY_UISupportedInterfaceOrientations_iPad = "UIInterfaceOrientationPortrait UIInterfaceOrientationPortraitUpsideDown UIInterfaceOrientationLandscapeLeft UIInterfaceOrientationLandscapeRight";
				INFOPLIST_KEY_UISupportedInterfaceOrientations_iPhone = "UIInterfaceOrientationPortrait UIInterfaceOrientationLandscapeLeft UIInterfaceOrientationLandscapeRight";
				IPHONEOS_DEPLOYMENT_TARGET = 16.2;
				LD_RUNPATH_SEARCH_PATHS = "@executable_path/Frameworks";
				"LD_RUNPATH_SEARCH_PATHS[sdk=macosx*]" = "@executable_path/../Frameworks";
				MACOSX_DEPLOYMENT_TARGET = 13.1;
				MARKETING_VERSION = 1.0;
				PRODUCT_BUNDLE_IDENTIFIER = com.studies.CarroCeu;
				PRODUCT_NAME = "$(TARGET_NAME)";
				SDKROOT = auto;
				SUPPORTED_PLATFORMS = "iphoneos iphonesimulator macosx";
				SWIFT_EMIT_LOC_STRINGS = YES;
				SWIFT_VERSION = 5.0;
				TARGETED_DEVICE_FAMILY = "1,2";
			};
			name = Debug;
		};
		6FB43FDB296E3F6400BC5F57 /* Release */ = {
			isa = XCBuildConfiguration;
			buildSettings = {
				ASSETCATALOG_COMPILER_APPICON_NAME = AppIcon;
				ASSETCATALOG_COMPILER_GLOBAL_ACCENT_COLOR_NAME = AccentColor;
				CODE_SIGN_ENTITLEMENTS = CarroCeu/CarroCeu.entitlements;
				CODE_SIGN_STYLE = Automatic;
				CURRENT_PROJECT_VERSION = 1;
				DEVELOPMENT_ASSET_PATHS = "\"CarroCeu/Preview Content\"";
				DEVELOPMENT_TEAM = K328B98U3F;
				ENABLE_HARDENED_RUNTIME = YES;
				ENABLE_PREVIEWS = YES;
				GENERATE_INFOPLIST_FILE = YES;
				"INFOPLIST_KEY_UIApplicationSceneManifest_Generation[sdk=iphoneos*]" = YES;
				"INFOPLIST_KEY_UIApplicationSceneManifest_Generation[sdk=iphonesimulator*]" = YES;
				"INFOPLIST_KEY_UIApplicationSupportsIndirectInputEvents[sdk=iphoneos*]" = YES;
				"INFOPLIST_KEY_UIApplicationSupportsIndirectInputEvents[sdk=iphonesimulator*]" = YES;
				"INFOPLIST_KEY_UILaunchScreen_Generation[sdk=iphoneos*]" = YES;
				"INFOPLIST_KEY_UILaunchScreen_Generation[sdk=iphonesimulator*]" = YES;
				"INFOPLIST_KEY_UIStatusBarStyle[sdk=iphoneos*]" = UIStatusBarStyleDefault;
				"INFOPLIST_KEY_UIStatusBarStyle[sdk=iphonesimulator*]" = UIStatusBarStyleDefault;
				INFOPLIST_KEY_UISupportedInterfaceOrientations_iPad = "UIInterfaceOrientationPortrait UIInterfaceOrientationPortraitUpsideDown UIInterfaceOrientationLandscapeLeft UIInterfaceOrientationLandscapeRight";
				INFOPLIST_KEY_UISupportedInterfaceOrientations_iPhone = "UIInterfaceOrientationPortrait UIInterfaceOrientationLandscapeLeft UIInterfaceOrientationLandscapeRight";
				IPHONEOS_DEPLOYMENT_TARGET = 16.2;
				LD_RUNPATH_SEARCH_PATHS = "@executable_path/Frameworks";
				"LD_RUNPATH_SEARCH_PATHS[sdk=macosx*]" = "@executable_path/../Frameworks";
				MACOSX_DEPLOYMENT_TARGET = 13.1;
				MARKETING_VERSION = 1.0;
				PRODUCT_BUNDLE_IDENTIFIER = com.studies.CarroCeu;
				PRODUCT_NAME = "$(TARGET_NAME)";
				SDKROOT = auto;
				SUPPORTED_PLATFORMS = "iphoneos iphonesimulator macosx";
				SWIFT_EMIT_LOC_STRINGS = YES;
				SWIFT_VERSION = 5.0;
				TARGETED_DEVICE_FAMILY = "1,2";
			};
			name = Release;
		};
		6FB43FDD296E3F6400BC5F57 /* Debug */ = {
			isa = XCBuildConfiguration;
			buildSettings = {
				ALWAYS_EMBED_SWIFT_STANDARD_LIBRARIES = YES;
				BUNDLE_LOADER = "$(TEST_HOST)";
				CODE_SIGN_STYLE = Automatic;
				CURRENT_PROJECT_VERSION = 1;
				DEVELOPMENT_TEAM = K328B98U3F;
				GENERATE_INFOPLIST_FILE = YES;
				IPHONEOS_DEPLOYMENT_TARGET = 16.2;
				MACOSX_DEPLOYMENT_TARGET = 13.1;
				MARKETING_VERSION = 1.0;
				PRODUCT_BUNDLE_IDENTIFIER = com.studies.CarroCeuTests;
				PRODUCT_NAME = "$(TARGET_NAME)";
				SDKROOT = auto;
				SUPPORTED_PLATFORMS = "iphoneos iphonesimulator macosx";
				SWIFT_EMIT_LOC_STRINGS = NO;
				SWIFT_VERSION = 5.0;
				TARGETED_DEVICE_FAMILY = "1,2";
				TEST_HOST = "$(BUILT_PRODUCTS_DIR)/CarroCeu.app/$(BUNDLE_EXECUTABLE_FOLDER_PATH)/CarroCeu";
			};
			name = Debug;
		};
		6FB43FDE296E3F6400BC5F57 /* Release */ = {
			isa = XCBuildConfiguration;
			buildSettings = {
				ALWAYS_EMBED_SWIFT_STANDARD_LIBRARIES = YES;
				BUNDLE_LOADER = "$(TEST_HOST)";
				CODE_SIGN_STYLE = Automatic;
				CURRENT_PROJECT_VERSION = 1;
				DEVELOPMENT_TEAM = K328B98U3F;
				GENERATE_INFOPLIST_FILE = YES;
				IPHONEOS_DEPLOYMENT_TARGET = 16.2;
				MACOSX_DEPLOYMENT_TARGET = 13.1;
				MARKETING_VERSION = 1.0;
				PRODUCT_BUNDLE_IDENTIFIER = com.studies.CarroCeuTests;
				PRODUCT_NAME = "$(TARGET_NAME)";
				SDKROOT = auto;
				SUPPORTED_PLATFORMS = "iphoneos iphonesimulator macosx";
				SWIFT_EMIT_LOC_STRINGS = NO;
				SWIFT_VERSION = 5.0;
				TARGETED_DEVICE_FAMILY = "1,2";
				TEST_HOST = "$(BUILT_PRODUCTS_DIR)/CarroCeu.app/$(BUNDLE_EXECUTABLE_FOLDER_PATH)/CarroCeu";
			};
			name = Release;
		};
		6FB43FE0296E3F6400BC5F57 /* Debug */ = {
			isa = XCBuildConfiguration;
			buildSettings = {
				ALWAYS_EMBED_SWIFT_STANDARD_LIBRARIES = YES;
				CODE_SIGN_STYLE = Automatic;
				CURRENT_PROJECT_VERSION = 1;
				DEVELOPMENT_TEAM = K328B98U3F;
				GENERATE_INFOPLIST_FILE = YES;
				IPHONEOS_DEPLOYMENT_TARGET = 16.2;
				MACOSX_DEPLOYMENT_TARGET = 13.1;
				MARKETING_VERSION = 1.0;
				PRODUCT_BUNDLE_IDENTIFIER = com.studies.CarroCeuUITests;
				PRODUCT_NAME = "$(TARGET_NAME)";
				SDKROOT = auto;
				SUPPORTED_PLATFORMS = "iphoneos iphonesimulator macosx";
				SWIFT_EMIT_LOC_STRINGS = NO;
				SWIFT_VERSION = 5.0;
				TARGETED_DEVICE_FAMILY = "1,2";
				TEST_TARGET_NAME = CarroCeu;
			};
			name = Debug;
		};
		6FB43FE1296E3F6400BC5F57 /* Release */ = {
			isa = XCBuildConfiguration;
			buildSettings = {
				ALWAYS_EMBED_SWIFT_STANDARD_LIBRARIES = YES;
				CODE_SIGN_STYLE = Automatic;
				CURRENT_PROJECT_VERSION = 1;
				DEVELOPMENT_TEAM = K328B98U3F;
				GENERATE_INFOPLIST_FILE = YES;
				IPHONEOS_DEPLOYMENT_TARGET = 16.2;
				MACOSX_DEPLOYMENT_TARGET = 13.1;
				MARKETING_VERSION = 1.0;
				PRODUCT_BUNDLE_IDENTIFIER = com.studies.CarroCeuUITests;
				PRODUCT_NAME = "$(TARGET_NAME)";
				SDKROOT = auto;
				SUPPORTED_PLATFORMS = "iphoneos iphonesimulator macosx";
				SWIFT_EMIT_LOC_STRINGS = NO;
				SWIFT_VERSION = 5.0;
				TARGETED_DEVICE_FAMILY = "1,2";
				TEST_TARGET_NAME = CarroCeu;
			};
			name = Release;
		};
/* End XCBuildConfiguration section */

/* Begin XCConfigurationList section */
		6FB43FAF296E3F6200BC5F57 /* Build configuration list for PBXProject "CarroCeu" */ = {
			isa = XCConfigurationList;
			buildConfigurations = (
				6FB43FD7296E3F6400BC5F57 /* Debug */,
				6FB43FD8296E3F6400BC5F57 /* Release */,
			);
			defaultConfigurationIsVisible = 0;
			defaultConfigurationName = Release;
		};
		6FB43FD9296E3F6400BC5F57 /* Build configuration list for PBXNativeTarget "CarroCeu" */ = {
			isa = XCConfigurationList;
			buildConfigurations = (
				6FB43FDA296E3F6400BC5F57 /* Debug */,
				6FB43FDB296E3F6400BC5F57 /* Release */,
			);
			defaultConfigurationIsVisible = 0;
			defaultConfigurationName = Release;
		};
		6FB43FDC296E3F6400BC5F57 /* Build configuration list for PBXNativeTarget "CarroCeuTests" */ = {
			isa = XCConfigurationList;
			buildConfigurations = (
				6FB43FDD296E3F6400BC5F57 /* Debug */,
				6FB43FDE296E3F6400BC5F57 /* Release */,
			);
			defaultConfigurationIsVisible = 0;
			defaultConfigurationName = Release;
		};
		6FB43FDF296E3F6400BC5F57 /* Build configuration list for PBXNativeTarget "CarroCeuUITests" */ = {
			isa = XCConfigurationList;
			buildConfigurations = (
				6FB43FE0296E3F6400BC5F57 /* Debug */,
				6FB43FE1296E3F6400BC5F57 /* Release */,
			);
			defaultConfigurationIsVisible = 0;
			defaultConfigurationName = Release;
		};
/* End XCConfigurationList section */
	};
	rootObject = 6FB43FAC296E3F6200BC5F57 /* Project object */;
}
