// !$*UTF8*$!
{
	archiveVersion = 1;
	classes = {
	};
	objectVersion = 56;
	objects = {

/* Begin PBXBuildFile section */
		6F35AD4529AD3A6400F29E2C /* NavigationStack_BasicApp.swift in Sources */ = {isa = PBXBuildFile; fileRef = 6F35AD4429AD3A6400F29E2C /* NavigationStack_BasicApp.swift */; };
		6F35AD4729AD3A6400F29E2C /* ContentView.swift in Sources */ = {isa = PBXBuildFile; fileRef = 6F35AD4629AD3A6400F29E2C /* ContentView.swift */; };
		6F35AD4929AD3A6600F29E2C /* Assets.xcassets in Resources */ = {isa = PBXBuildFile; fileRef = 6F35AD4829AD3A6600F29E2C /* Assets.xcassets */; };
		6F35AD4C29AD3A6600F29E2C /* Preview Assets.xcassets in Resources */ = {isa = PBXBuildFile; fileRef = 6F35AD4B29AD3A6600F29E2C /* Preview Assets.xcassets */; };
		6F35AD5329AD3AA000F29E2C /* ContentCreator.swift in Sources */ = {isa = PBXBuildFile; fileRef = 6F35AD5229AD3AA000F29E2C /* ContentCreator.swift */; };
		6F35AD5629AD3CAA00F29E2C /* Framework.swift in Sources */ = {isa = PBXBuildFile; fileRef = 6F35AD5529AD3CAA00F29E2C /* Framework.swift */; };
		6F35AD5829AD3E2B00F29E2C /* ContentAndFrameworkView.swift in Sources */ = {isa = PBXBuildFile; fileRef = 6F35AD5729AD3E2B00F29E2C /* ContentAndFrameworkView.swift */; };
		6F35AD5A29AD40B100F29E2C /* MainView.swift in Sources */ = {isa = PBXBuildFile; fileRef = 6F35AD5929AD40B100F29E2C /* MainView.swift */; };
/* End PBXBuildFile section */

/* Begin PBXFileReference section */
		6F35AD4129AD3A6300F29E2C /* NavigationStack-Basic.app */ = {isa = PBXFileReference; explicitFileType = wrapper.application; includeInIndex = 0; path = "NavigationStack-Basic.app"; sourceTree = BUILT_PRODUCTS_DIR; };
		6F35AD4429AD3A6400F29E2C /* NavigationStack_BasicApp.swift */ = {isa = PBXFileReference; lastKnownFileType = sourcecode.swift; path = NavigationStack_BasicApp.swift; sourceTree = "<group>"; };
		6F35AD4629AD3A6400F29E2C /* ContentView.swift */ = {isa = PBXFileReference; lastKnownFileType = sourcecode.swift; path = ContentView.swift; sourceTree = "<group>"; };
		6F35AD4829AD3A6600F29E2C /* Assets.xcassets */ = {isa = PBXFileReference; lastKnownFileType = folder.assetcatalog; path = Assets.xcassets; sourceTree = "<group>"; };
		6F35AD4B29AD3A6600F29E2C /* Preview Assets.xcassets */ = {isa = PBXFileReference; lastKnownFileType = folder.assetcatalog; path = "Preview Assets.xcassets"; sourceTree = "<group>"; };
		6F35AD5229AD3AA000F29E2C /* ContentCreator.swift */ = {isa = PBXFileReference; lastKnownFileType = sourcecode.swift; path = ContentCreator.swift; sourceTree = "<group>"; };
		6F35AD5529AD3CAA00F29E2C /* Framework.swift */ = {isa = PBXFileReference; lastKnownFileType = sourcecode.swift; path = Framework.swift; sourceTree = "<group>"; };
		6F35AD5729AD3E2B00F29E2C /* ContentAndFrameworkView.swift */ = {isa = PBXFileReference; lastKnownFileType = sourcecode.swift; path = ContentAndFrameworkView.swift; sourceTree = "<group>"; };
		6F35AD5929AD40B100F29E2C /* MainView.swift */ = {isa = PBXFileReference; lastKnownFileType = sourcecode.swift; path = MainView.swift; sourceTree = "<group>"; };
/* End PBXFileReference section */

/* Begin PBXFrameworksBuildPhase section */
		6F35AD3E29AD3A6300F29E2C /* Frameworks */ = {
			isa = PBXFrameworksBuildPhase;
			buildActionMask = 2147483647;
			files = (
			);
			runOnlyForDeploymentPostprocessing = 0;
		};
/* End PBXFrameworksBuildPhase section */

/* Begin PBXGroup section */
		6F35AD3829AD3A6300F29E2C = {
			isa = PBXGroup;
			children = (
				6F35AD4329AD3A6300F29E2C /* NavigationStack-Basic */,
				6F35AD4229AD3A6300F29E2C /* Products */,
			);
			sourceTree = "<group>";
		};
		6F35AD4229AD3A6300F29E2C /* Products */ = {
			isa = PBXGroup;
			children = (
				6F35AD4129AD3A6300F29E2C /* NavigationStack-Basic.app */,
			);
			name = Products;
			sourceTree = "<group>";
		};
		6F35AD4329AD3A6300F29E2C /* NavigationStack-Basic */ = {
			isa = PBXGroup;
			children = (
				6F35AD4429AD3A6400F29E2C /* NavigationStack_BasicApp.swift */,
				6F35AD4629AD3A6400F29E2C /* ContentView.swift */,
				6F35AD5729AD3E2B00F29E2C /* ContentAndFrameworkView.swift */,
				6F35AD5929AD40B100F29E2C /* MainView.swift */,
				6F35AD5429AD3C9D00F29E2C /* Model */,
				6F35AD4829AD3A6600F29E2C /* Assets.xcassets */,
				6F35AD4A29AD3A6600F29E2C /* Preview Content */,
			);
			path = "NavigationStack-Basic";
			sourceTree = "<group>";
		};
		6F35AD4A29AD3A6600F29E2C /* Preview Content */ = {
			isa = PBXGroup;
			children = (
				6F35AD4B29AD3A6600F29E2C /* Preview Assets.xcassets */,
			);
			path = "Preview Content";
			sourceTree = "<group>";
		};
		6F35AD5429AD3C9D00F29E2C /* Model */ = {
			isa = PBXGroup;
			children = (
				6F35AD5229AD3AA000F29E2C /* ContentCreator.swift */,
				6F35AD5529AD3CAA00F29E2C /* Framework.swift */,
			);
			path = Model;
			sourceTree = "<group>";
		};
/* End PBXGroup section */

/* Begin PBXNativeTarget section */
		6F35AD4029AD3A6300F29E2C /* NavigationStack-Basic */ = {
			isa = PBXNativeTarget;
			buildConfigurationList = 6F35AD4F29AD3A6600F29E2C /* Build configuration list for PBXNativeTarget "NavigationStack-Basic" */;
			buildPhases = (
				6F35AD3D29AD3A6300F29E2C /* Sources */,
				6F35AD3E29AD3A6300F29E2C /* Frameworks */,
				6F35AD3F29AD3A6300F29E2C /* Resources */,
			);
			buildRules = (
			);
			dependencies = (
			);
			name = "NavigationStack-Basic";
			productName = "NavigationStack-Basic";
			productReference = 6F35AD4129AD3A6300F29E2C /* NavigationStack-Basic.app */;
			productType = "com.apple.product-type.application";
		};
/* End PBXNativeTarget section */

/* Begin PBXProject section */
		6F35AD3929AD3A6300F29E2C /* Project object */ = {
			isa = PBXProject;
			attributes = {
				BuildIndependentTargetsInParallel = 1;
				LastSwiftUpdateCheck = 1420;
				LastUpgradeCheck = 1420;
				TargetAttributes = {
					6F35AD4029AD3A6300F29E2C = {
						CreatedOnToolsVersion = 14.2;
					};
				};
			};
			buildConfigurationList = 6F35AD3C29AD3A6300F29E2C /* Build configuration list for PBXProject "NavigationStack-Basic" */;
			compatibilityVersion = "Xcode 14.0";
			developmentRegion = en;
			hasScannedForEncodings = 0;
			knownRegions = (
				en,
				Base,
			);
			mainGroup = 6F35AD3829AD3A6300F29E2C;
			productRefGroup = 6F35AD4229AD3A6300F29E2C /* Products */;
			projectDirPath = "";
			projectRoot = "";
			targets = (
				6F35AD4029AD3A6300F29E2C /* NavigationStack-Basic */,
			);
		};
/* End PBXProject section */

/* Begin PBXResourcesBuildPhase section */
		6F35AD3F29AD3A6300F29E2C /* Resources */ = {
			isa = PBXResourcesBuildPhase;
			buildActionMask = 2147483647;
			files = (
				6F35AD4C29AD3A6600F29E2C /* Preview Assets.xcassets in Resources */,
				6F35AD4929AD3A6600F29E2C /* Assets.xcassets in Resources */,
			);
			runOnlyForDeploymentPostprocessing = 0;
		};
/* End PBXResourcesBuildPhase section */

/* Begin PBXSourcesBuildPhase section */
		6F35AD3D29AD3A6300F29E2C /* Sources */ = {
			isa = PBXSourcesBuildPhase;
			buildActionMask = 2147483647;
			files = (
				6F35AD5629AD3CAA00F29E2C /* Framework.swift in Sources */,
				6F35AD5A29AD40B100F29E2C /* MainView.swift in Sources */,
				6F35AD5829AD3E2B00F29E2C /* ContentAndFrameworkView.swift in Sources */,
				6F35AD4729AD3A6400F29E2C /* ContentView.swift in Sources */,
				6F35AD4529AD3A6400F29E2C /* NavigationStack_BasicApp.swift in Sources */,
				6F35AD5329AD3AA000F29E2C /* ContentCreator.swift in Sources */,
			);
			runOnlyForDeploymentPostprocessing = 0;
		};
/* End PBXSourcesBuildPhase section */

/* Begin XCBuildConfiguration section */
		6F35AD4D29AD3A6600F29E2C /* Debug */ = {
			isa = XCBuildConfiguration;
			buildSettings = {
				ALWAYS_SEARCH_USER_PATHS = NO;
				CLANG_ANALYZER_NONNULL = YES;
				CLANG_ANALYZER_NUMBER_OBJECT_CONVERSION = YES_AGGRESSIVE;
				CLANG_CXX_LANGUAGE_STANDARD = "gnu++20";
				CLANG_ENABLE_MODULES = YES;
				CLANG_ENABLE_OBJC_ARC = YES;
				CLANG_ENABLE_OBJC_WEAK = YES;
				CLANG_WARN_BLOCK_CAPTURE_AUTORELEASING = YES;
				CLANG_WARN_BOOL_CONVERSION = YES;
				CLANG_WARN_COMMA = YES;
				CLANG_WARN_CONSTANT_CONVERSION = YES;
				CLANG_WARN_DEPRECATED_OBJC_IMPLEMENTATIONS = YES;
				CLANG_WARN_DIRECT_OBJC_ISA_USAGE = YES_ERROR;
				CLANG_WARN_DOCUMENTATION_COMMENTS = YES;
				CLANG_WARN_EMPTY_BODY = YES;
				CLANG_WARN_ENUM_CONVERSION = YES;
				CLANG_WARN_INFINITE_RECURSION = YES;
				CLANG_WARN_INT_CONVERSION = YES;
				CLANG_WARN_NON_LITERAL_NULL_CONVERSION = YES;
				CLANG_WARN_OBJC_IMPLICIT_RETAIN_SELF = YES;
				CLANG_WARN_OBJC_LITERAL_CONVERSION = YES;
				CLANG_WARN_OBJC_ROOT_CLASS = YES_ERROR;
				CLANG_WARN_QUOTED_INCLUDE_IN_FRAMEWORK_HEADER = YES;
				CLANG_WARN_RANGE_LOOP_ANALYSIS = YES;
				CLANG_WARN_STRICT_PROTOTYPES = YES;
				CLANG_WARN_SUSPICIOUS_MOVE = YES;
				CLANG_WARN_UNGUARDED_AVAILABILITY = YES_AGGRESSIVE;
				CLANG_WARN_UNREACHABLE_CODE = YES;
				CLANG_WARN__DUPLICATE_METHOD_MATCH = YES;
				COPY_PHASE_STRIP = NO;
				DEBUG_INFORMATION_FORMAT = dwarf;
				ENABLE_STRICT_OBJC_MSGSEND = YES;
				ENABLE_TESTABILITY = YES;
				GCC_C_LANGUAGE_STANDARD = gnu11;
				GCC_DYNAMIC_NO_PIC = NO;
				GCC_NO_COMMON_BLOCKS = YES;
				GCC_OPTIMIZATION_LEVEL = 0;
				GCC_PREPROCESSOR_DEFINITIONS = (
					"DEBUG=1",
					"$(inherited)",
				);
				GCC_WARN_64_TO_32_BIT_CONVERSION = YES;
				GCC_WARN_ABOUT_RETURN_TYPE = YES_ERROR;
				GCC_WARN_UNDECLARED_SELECTOR = YES;
				GCC_WARN_UNINITIALIZED_AUTOS = YES_AGGRESSIVE;
				GCC_WARN_UNUSED_FUNCTION = YES;
				GCC_WARN_UNUSED_VARIABLE = YES;
				IPHONEOS_DEPLOYMENT_TARGET = 16.2;
				MTL_ENABLE_DEBUG_INFO = INCLUDE_SOURCE;
				MTL_FAST_MATH = YES;
				ONLY_ACTIVE_ARCH = YES;
				SDKROOT = iphoneos;
				SWIFT_ACTIVE_COMPILATION_CONDITIONS = DEBUG;
				SWIFT_OPTIMIZATION_LEVEL = "-Onone";
			};
			name = Debug;
		};
		6F35AD4E29AD3A6600F29E2C /* Release */ = {
			isa = XCBuildConfiguration;
			buildSettings = {
				ALWAYS_SEARCH_USER_PATHS = NO;
				CLANG_ANALYZER_NONNULL = YES;
				CLANG_ANALYZER_NUMBER_OBJECT_CONVERSION = YES_AGGRESSIVE;
				CLANG_CXX_LANGUAGE_STANDARD = "gnu++20";
				CLANG_ENABLE_MODULES = YES;
				CLANG_ENABLE_OBJC_ARC = YES;
				CLANG_ENABLE_OBJC_WEAK = YES;
				CLANG_WARN_BLOCK_CAPTURE_AUTORELEASING = YES;
				CLANG_WARN_BOOL_CONVERSION = YES;
				CLANG_WARN_COMMA = YES;
				CLANG_WARN_CONSTANT_CONVERSION = YES;
				CLANG_WARN_DEPRECATED_OBJC_IMPLEMENTATIONS = YES;
				CLANG_WARN_DIRECT_OBJC_ISA_USAGE = YES_ERROR;
				CLANG_WARN_DOCUMENTATION_COMMENTS = YES;
				CLANG_WARN_EMPTY_BODY = YES;
				CLANG_WARN_ENUM_CONVERSION = YES;
				CLANG_WARN_INFINITE_RECURSION = YES;
				CLANG_WARN_INT_CONVERSION = YES;
				CLANG_WARN_NON_LITERAL_NULL_CONVERSION = YES;
				CLANG_WARN_OBJC_IMPLICIT_RETAIN_SELF = YES;
				CLANG_WARN_OBJC_LITERAL_CONVERSION = YES;
				CLANG_WARN_OBJC_ROOT_CLASS = YES_ERROR;
				CLANG_WARN_QUOTED_INCLUDE_IN_FRAMEWORK_HEADER = YES;
				CLANG_WARN_RANGE_LOOP_ANALYSIS = YES;
				CLANG_WARN_STRICT_PROTOTYPES = YES;
				CLANG_WARN_SUSPICIOUS_MOVE = YES;
				CLANG_WARN_UNGUARDED_AVAILABILITY = YES_AGGRESSIVE;
				CLANG_WARN_UNREACHABLE_CODE = YES;
				CLANG_WARN__DUPLICATE_METHOD_MATCH = YES;
				COPY_PHASE_STRIP = NO;
				DEBUG_INFORMATION_FORMAT = "dwarf-with-dsym";
				ENABLE_NS_ASSERTIONS = NO;
				ENABLE_STRICT_OBJC_MSGSEND = YES;
				GCC_C_LANGUAGE_STANDARD = gnu11;
				GCC_NO_COMMON_BLOCKS = YES;
				GCC_WARN_64_TO_32_BIT_CONVERSION = YES;
				GCC_WARN_ABOUT_RETURN_TYPE = YES_ERROR;
				GCC_WARN_UNDECLARED_SELECTOR = YES;
				GCC_WARN_UNINITIALIZED_AUTOS = YES_AGGRESSIVE;
				GCC_WARN_UNUSED_FUNCTION = YES;
				GCC_WARN_UNUSED_VARIABLE = YES;
				IPHONEOS_DEPLOYMENT_TARGET = 16.2;
				MTL_ENABLE_DEBUG_INFO = NO;
				MTL_FAST_MATH = YES;
				SDKROOT = iphoneos;
				SWIFT_COMPILATION_MODE = wholemodule;
				SWIFT_OPTIMIZATION_LEVEL = "-O";
				VALIDATE_PRODUCT = YES;
			};
			name = Release;
		};
		6F35AD5029AD3A6600F29E2C /* Debug */ = {
			isa = XCBuildConfiguration;
			buildSettings = {
				ASSETCATALOG_COMPILER_APPICON_NAME = AppIcon;
				ASSETCATALOG_COMPILER_GLOBAL_ACCENT_COLOR_NAME = AccentColor;
				CODE_SIGN_STYLE = Automatic;
				CURRENT_PROJECT_VERSION = 1;
				DEVELOPMENT_ASSET_PATHS = "\"NavigationStack-Basic/Preview Content\"";
				DEVELOPMENT_TEAM = K328B98U3F;
				ENABLE_PREVIEWS = YES;
				GENERATE_INFOPLIST_FILE = YES;
				INFOPLIST_KEY_UIApplicationSceneManifest_Generation = YES;
				INFOPLIST_KEY_UIApplicationSupportsIndirectInputEvents = YES;
				INFOPLIST_KEY_UILaunchScreen_Generation = YES;
				INFOPLIST_KEY_UISupportedInterfaceOrientations_iPad = "UIInterfaceOrientationPortrait UIInterfaceOrientationPortraitUpsideDown UIInterfaceOrientationLandscapeLeft UIInterfaceOrientationLandscapeRight";
				INFOPLIST_KEY_UISupportedInterfaceOrientations_iPhone = "UIInterfaceOrientationPortrait UIInterfaceOrientationLandscapeLeft UIInterfaceOrientationLandscapeRight";
				LD_RUNPATH_SEARCH_PATHS = (
					"$(inherited)",
					"@executable_path/Frameworks",
				);
				MARKETING_VERSION = 1.0;
				PRODUCT_BUNDLE_IDENTIFIER = "com.studies.NavigationStack-Basic";
				PRODUCT_NAME = "$(TARGET_NAME)";
				SWIFT_EMIT_LOC_STRINGS = YES;
				SWIFT_VERSION = 5.0;
				TARGETED_DEVICE_FAMILY = "1,2";
			};
			name = Debug;
		};
		6F35AD5129AD3A6600F29E2C /* Release */ = {
			isa = XCBuildConfiguration;
			buildSettings = {
				ASSETCATALOG_COMPILER_APPICON_NAME = AppIcon;
				ASSETCATALOG_COMPILER_GLOBAL_ACCENT_COLOR_NAME = AccentColor;
				CODE_SIGN_STYLE = Automatic;
				CURRENT_PROJECT_VERSION = 1;
				DEVELOPMENT_ASSET_PATHS = "\"NavigationStack-Basic/Preview Content\"";
				DEVELOPMENT_TEAM = K328B98U3F;
				ENABLE_PREVIEWS = YES;
				GENERATE_INFOPLIST_FILE = YES;
				INFOPLIST_KEY_UIApplicationSceneManifest_Generation = YES;
				INFOPLIST_KEY_UIApplicationSupportsIndirectInputEvents = YES;
				INFOPLIST_KEY_UILaunchScreen_Generation = YES;
				INFOPLIST_KEY_UISupportedInterfaceOrientations_iPad = "UIInterfaceOrientationPortrait UIInterfaceOrientationPortraitUpsideDown UIInterfaceOrientationLandscapeLeft UIInterfaceOrientationLandscapeRight";
				INFOPLIST_KEY_UISupportedInterfaceOrientations_iPhone = "UIInterfaceOrientationPortrait UIInterfaceOrientationLandscapeLeft UIInterfaceOrientationLandscapeRight";
				LD_RUNPATH_SEARCH_PATHS = (
					"$(inherited)",
					"@executable_path/Frameworks",
				);
				MARKETING_VERSION = 1.0;
				PRODUCT_BUNDLE_IDENTIFIER = "com.studies.NavigationStack-Basic";
				PRODUCT_NAME = "$(TARGET_NAME)";
				SWIFT_EMIT_LOC_STRINGS = YES;
				SWIFT_VERSION = 5.0;
				TARGETED_DEVICE_FAMILY = "1,2";
			};
			name = Release;
		};
/* End XCBuildConfiguration section */

/* Begin XCConfigurationList section */
		6F35AD3C29AD3A6300F29E2C /* Build configuration list for PBXProject "NavigationStack-Basic" */ = {
			isa = XCConfigurationList;
			buildConfigurations = (
				6F35AD4D29AD3A6600F29E2C /* Debug */,
				6F35AD4E29AD3A6600F29E2C /* Release */,
			);
			defaultConfigurationIsVisible = 0;
			defaultConfigurationName = Release;
		};
		6F35AD4F29AD3A6600F29E2C /* Build configuration list for PBXNativeTarget "NavigationStack-Basic" */ = {
			isa = XCConfigurationList;
			buildConfigurations = (
				6F35AD5029AD3A6600F29E2C /* Debug */,
				6F35AD5129AD3A6600F29E2C /* Release */,
			);
			defaultConfigurationIsVisible = 0;
			defaultConfigurationName = Release;
		};
/* End XCConfigurationList section */
	};
	rootObject = 6F35AD3929AD3A6300F29E2C /* Project object */;
}
